// !$*UTF8*$!
{
	archiveVersion = 1;
	objectVersion = 54;
	classes = {
	};
	objects = {

/* Begin PBXBuildFile section */
		0C5A1AAAA28C428F8834252B /* InfoPlist.strings in Resources */ = {isa = PBXBuildFile; fileRef = C8F8B537C00D451EB8EE9EAF /* InfoPlist.strings */; };
		13B07FBF1A68108700A75B9A /* Images.xcassets in Resources */ = {isa = PBXBuildFile; fileRef = 13B07FB51A68108700A75B9A /* Images.xcassets */; };
		17746F8B909F4D0E8AAF8DF3 /* InfoPlist.strings in Resources */ = {isa = PBXBuildFile; fileRef = 3B5DACB1F0AC45ACB09443C6 /* InfoPlist.strings */; };
		3E461D99554A48A4959DE609 /* SplashScreen.storyboard in Resources */ = {isa = PBXBuildFile; fileRef = AA286B85B6C04FC6940260E9 /* SplashScreen.storyboard */; };
		4C58A3888E9E4E65B40AED5A /* InfoPlist.strings in Resources */ = {isa = PBXBuildFile; fileRef = FA4BB92058CD468FAD8CF637 /* InfoPlist.strings */; };
		4E7D8CC94CF94963ABF8E6A3 /* InfoPlist.strings in Resources */ = {isa = PBXBuildFile; fileRef = 68C7B008B12A47B98B03DE5A /* InfoPlist.strings */; };
		4F97524CEDE6463FAFE9A8CB /* InfoPlist.strings in Resources */ = {isa = PBXBuildFile; fileRef = DC34DFF145064C9BBF830AD8 /* InfoPlist.strings */; };
		61A738427821480599DCEF4E /* PastVu.icon in Resources */ = {isa = PBXBuildFile; fileRef = E06A15F9A6EB4018A975B6D3 /* PastVu.icon */; };
		8BB243385BFC460F9269716D /* InfoPlist.strings in Resources */ = {isa = PBXBuildFile; fileRef = F1854E82B8C348AB88BE8606 /* InfoPlist.strings */; };
		91590C4751D34BDE8E9CC1A6 /* InfoPlist.strings in Resources */ = {isa = PBXBuildFile; fileRef = 7B0E81B4AF864B01B7F44A63 /* InfoPlist.strings */; };
		9A273749B5774CE09480A76E /* InfoPlist.strings in Resources */ = {isa = PBXBuildFile; fileRef = 4556D9EB98B347338EF3CAEB /* InfoPlist.strings */; };
		9EC53CA07D884C019CDEB9E6 /* InfoPlist.strings in Resources */ = {isa = PBXBuildFile; fileRef = 5D9D576D181B46FDBCFD7A2A /* InfoPlist.strings */; };
		A10F860AC9674714A399A310 /* InfoPlist.strings in Resources */ = {isa = PBXBuildFile; fileRef = C36F6D6754624D3A954F57D9 /* InfoPlist.strings */; };
		B39A2CB998484A46B63F7F6B /* InfoPlist.strings in Resources */ = {isa = PBXBuildFile; fileRef = E6DD0BD1D6AE4E1BA36720C4 /* InfoPlist.strings */; };
		BB2F792D24A3F905000567C9 /* Expo.plist in Resources */ = {isa = PBXBuildFile; fileRef = BB2F792C24A3F905000567C9 /* Expo.plist */; };
		C49C284C71C84327ABDB5416 /* InfoPlist.strings in Resources */ = {isa = PBXBuildFile; fileRef = F757A517F1C94ABFB79ABE88 /* InfoPlist.strings */; };
		F08EB113820B4EA79873CD23 /* InfoPlist.strings in Resources */ = {isa = PBXBuildFile; fileRef = F4818CE6A8F14C728B8B0D66 /* InfoPlist.strings */; };
		F11748422D0307B40044C1D9 /* AppDelegate.swift in Sources */ = {isa = PBXBuildFile; fileRef = F11748412D0307B40044C1D9 /* AppDelegate.swift */; };
		FBCBA6A1F0194157A6834C89 /* InfoPlist.strings in Resources */ = {isa = PBXBuildFile; fileRef = C7A2760BA6ED4134AFC8AA3A /* InfoPlist.strings */; };
		XX09E725E164C2787243F7XX /* widget.appex in Embed Foundation Extensions */ = {isa = PBXBuildFile; fileRef = XXD26DB380DB6D7349BA89XX /* widget.appex */; settings = {ATTRIBUTES = (RemoveHeadersOnCopy, ); }; };
		XX12B55A1EDABF083C3B51XX /* WidgetKit.framework in Frameworks */ = {isa = PBXBuildFile; fileRef = XX470101BAEB8E0BBC8B0DXX /* WidgetKit.framework */; };
		XX1A6800511A685AB346D2XX /* AppIntents.framework in Frameworks */ = {isa = PBXBuildFile; fileRef = XXA12889081EB894481655XX /* AppIntents.framework */; };
		XX3C562DEF346B45594832XX /* ActivityKit.framework in Frameworks */ = {isa = PBXBuildFile; fileRef = XXCAF23C3FC41F82140FA1XX /* ActivityKit.framework */; };
		XX6A44985675A04437B8C4XX /* SwiftUI.framework in Frameworks */ = {isa = PBXBuildFile; fileRef = XX4DFF38D47332D6BF0183XX /* SwiftUI.framework */; };
		XX8F36292955CFFFA52309XX /* PastVu.app in Embed Watch Content */ = {isa = PBXBuildFile; fileRef = XXE892435E862CB13C65E8XX /* PastVu.app */; settings = {ATTRIBUTES = (RemoveHeadersOnCopy, ); }; };
/* End PBXBuildFile section */

/* Begin PBXContainerItemProxy section */
		XX172D83F0D7C06ECA2FF5XX /* PBXContainerItemProxy */ = {
			isa = PBXContainerItemProxy;
			containerPortal = 83CBB9F71A601CBA00E9B192 /* Project object */;
			proxyType = 1;
			remoteGlobalIDString = XXE5B04BE773BD07DAC22CXX;
			remoteInfo = PastVu;
		};
		XXCC87180838018B3E5641XX /* PBXContainerItemProxy */ = {
			isa = PBXContainerItemProxy;
			containerPortal = 83CBB9F71A601CBA00E9B192 /* Project object */;
			proxyType = 1;
			remoteGlobalIDString = XXDAF4B0597BC9C14BF456XX;
			remoteInfo = widget;
		};
/* End PBXContainerItemProxy section */

/* Begin PBXCopyFilesBuildPhase section */
		XX72A8CFBF0FBA13A79902XX /* Embed Foundation Extensions */ = {
			isa = PBXCopyFilesBuildPhase;
			name = "Embed Foundation Extensions";
			files = (
				XX09E725E164C2787243F7XX /* widget.appex in Embed Foundation Extensions */,
			);
			dstPath = "";
			dstSubfolderSpec = 13;
			buildActionMask = 2147483647;
			runOnlyForDeploymentPostprocessing = 0;
		};
		XX81D5C67C94C2E1F9007EXX /* Embed Watch Content */ = {
			isa = PBXCopyFilesBuildPhase;
			name = "Embed Watch Content";
			files = (
				XX8F36292955CFFFA52309XX /* PastVu.app in Embed Watch Content */,
			);
			dstPath = "$(CONTENTS_FOLDER_PATH)/Watch";
			dstSubfolderSpec = 16;
			buildActionMask = 2147483647;
			runOnlyForDeploymentPostprocessing = 0;
		};
/* End PBXCopyFilesBuildPhase section */

/* Begin PBXFileReference section */
		13B07F961A680F5B00A75B9A /* PastVu.app */ = {isa = PBXFileReference; explicitFileType = wrapper.application; includeInIndex = 0; path = PastVu.app; sourceTree = BUILT_PRODUCTS_DIR; fileEncoding = 4; };
		13B07FB51A68108700A75B9A /* Images.xcassets */ = {isa = PBXFileReference; lastKnownFileType = folder.assetcatalog; name = Images.xcassets; path = PastVu/Images.xcassets; sourceTree = "<group>"; fileEncoding = 4; includeInIndex = 0; };
		13B07FB61A68108700A75B9A /* Info.plist */ = {isa = PBXFileReference; fileEncoding = 4; lastKnownFileType = text.plist.xml; name = Info.plist; path = PastVu/Info.plist; sourceTree = "<group>"; includeInIndex = 0; };
		3B5DACB1F0AC45ACB09443C6 /* InfoPlist.strings */ = {isa = PBXFileReference; name = InfoPlist.strings; path = et.lproj/InfoPlist.strings; sourceTree = "<group>"; fileEncoding = 4; lastKnownFileType = text.plist.strings; explicitFileType = undefined; includeInIndex = 0; };
		4556D9EB98B347338EF3CAEB /* InfoPlist.strings */ = {isa = PBXFileReference; name = InfoPlist.strings; path = uk.lproj/InfoPlist.strings; sourceTree = "<group>"; fileEncoding = 4; lastKnownFileType = text.plist.strings; explicitFileType = undefined; includeInIndex = 0; };
		5D9D576D181B46FDBCFD7A2A /* InfoPlist.strings */ = {isa = PBXFileReference; name = InfoPlist.strings; path = cs.lproj/InfoPlist.strings; sourceTree = "<group>"; fileEncoding = 4; lastKnownFileType = text.plist.strings; explicitFileType = undefined; includeInIndex = 0; };
		68C7B008B12A47B98B03DE5A /* InfoPlist.strings */ = {isa = PBXFileReference; name = InfoPlist.strings; path = de.lproj/InfoPlist.strings; sourceTree = "<group>"; fileEncoding = 4; lastKnownFileType = text.plist.strings; explicitFileType = undefined; includeInIndex = 0; };
		7B0E81B4AF864B01B7F44A63 /* InfoPlist.strings */ = {isa = PBXFileReference; name = InfoPlist.strings; path = fi.lproj/InfoPlist.strings; sourceTree = "<group>"; fileEncoding = 4; lastKnownFileType = text.plist.strings; explicitFileType = undefined; includeInIndex = 0; };
		AA286B85B6C04FC6940260E9 /* SplashScreen.storyboard */ = {isa = PBXFileReference; fileEncoding = 4; lastKnownFileType = file.storyboard; name = SplashScreen.storyboard; path = PastVu/SplashScreen.storyboard; sourceTree = "<group>"; includeInIndex = 0; };
		BB2F792C24A3F905000567C9 /* Expo.plist */ = {isa = PBXFileReference; fileEncoding = 4; lastKnownFileType = text.plist.xml; path = Expo.plist; sourceTree = "<group>"; includeInIndex = 0; };
		C36F6D6754624D3A954F57D9 /* InfoPlist.strings */ = {isa = PBXFileReference; name = InfoPlist.strings; path = pl.lproj/InfoPlist.strings; sourceTree = "<group>"; fileEncoding = 4; lastKnownFileType = text.plist.strings; explicitFileType = undefined; includeInIndex = 0; };
		C7A2760BA6ED4134AFC8AA3A /* InfoPlist.strings */ = {isa = PBXFileReference; name = InfoPlist.strings; path = en.lproj/InfoPlist.strings; sourceTree = "<group>"; fileEncoding = 4; lastKnownFileType = text.plist.strings; explicitFileType = undefined; includeInIndex = 0; };
		C8F8B537C00D451EB8EE9EAF /* InfoPlist.strings */ = {isa = PBXFileReference; name = InfoPlist.strings; path = ru.lproj/InfoPlist.strings; sourceTree = "<group>"; fileEncoding = 4; lastKnownFileType = text.plist.strings; explicitFileType = undefined; includeInIndex = 0; };
		DC34DFF145064C9BBF830AD8 /* InfoPlist.strings */ = {isa = PBXFileReference; name = InfoPlist.strings; path = lv.lproj/InfoPlist.strings; sourceTree = "<group>"; fileEncoding = 4; lastKnownFileType = text.plist.strings; explicitFileType = undefined; includeInIndex = 0; };
		E06A15F9A6EB4018A975B6D3 /* PastVu.icon */ = {isa = PBXFileReference; name = PastVu.icon; path = PastVu/PastVu.icon; sourceTree = "<group>"; fileEncoding = undefined; lastKnownFileType = unknown; explicitFileType = undefined; includeInIndex = 0; };
		E6DD0BD1D6AE4E1BA36720C4 /* InfoPlist.strings */ = {isa = PBXFileReference; name = InfoPlist.strings; path = be.lproj/InfoPlist.strings; sourceTree = "<group>"; fileEncoding = 4; lastKnownFileType = text.plist.strings; explicitFileType = undefined; includeInIndex = 0; };
		ED297162215061F000B7C4FE /* JavaScriptCore.framework */ = {isa = PBXFileReference; lastKnownFileType = wrapper.framework; name = JavaScriptCore.framework; path = System/Library/Frameworks/JavaScriptCore.framework; sourceTree = SDKROOT; fileEncoding = 4; includeInIndex = undefined; };
		F11748412D0307B40044C1D9 /* AppDelegate.swift */ = {isa = PBXFileReference; lastKnownFileType = sourcecode.swift; name = AppDelegate.swift; path = PastVu/AppDelegate.swift; sourceTree = "<group>"; fileEncoding = 4; includeInIndex = 0; };
		F11748442D0722820044C1D9 /* PastVu-Bridging-Header.h */ = {isa = PBXFileReference; lastKnownFileType = sourcecode.c.h; name = "PastVu-Bridging-Header.h"; path = "PastVu/PastVu-Bridging-Header.h"; sourceTree = "<group>"; fileEncoding = 4; includeInIndex = 0; };
		F1854E82B8C348AB88BE8606 /* InfoPlist.strings */ = {isa = PBXFileReference; name = InfoPlist.strings; path = fr.lproj/InfoPlist.strings; sourceTree = "<group>"; fileEncoding = 4; lastKnownFileType = text.plist.strings; explicitFileType = undefined; includeInIndex = 0; };
		F4818CE6A8F14C728B8B0D66 /* InfoPlist.strings */ = {isa = PBXFileReference; name = InfoPlist.strings; path = sr.lproj/InfoPlist.strings; sourceTree = "<group>"; fileEncoding = 4; lastKnownFileType = text.plist.strings; explicitFileType = undefined; includeInIndex = 0; };
		F757A517F1C94ABFB79ABE88 /* InfoPlist.strings */ = {isa = PBXFileReference; name = InfoPlist.strings; path = hu.lproj/InfoPlist.strings; sourceTree = "<group>"; fileEncoding = 4; lastKnownFileType = text.plist.strings; explicitFileType = undefined; includeInIndex = 0; };
		FA4BB92058CD468FAD8CF637 /* InfoPlist.strings */ = {isa = PBXFileReference; name = InfoPlist.strings; path = lt.lproj/InfoPlist.strings; sourceTree = "<group>"; fileEncoding = 4; lastKnownFileType = text.plist.strings; explicitFileType = undefined; includeInIndex = 0; };
		XX470101BAEB8E0BBC8B0DXX /* WidgetKit.framework */ = {isa = PBXFileReference; path = System/Library/Frameworks/WidgetKit.framework; fileEncoding = 4; lastKnownFileType = wrapper.framework; includeInIndex = undefined; name = WidgetKit.framework; sourceTree = SDKROOT; };
		XX4DFF38D47332D6BF0183XX /* SwiftUI.framework */ = {isa = PBXFileReference; path = System/Library/Frameworks/SwiftUI.framework; fileEncoding = 4; lastKnownFileType = wrapper.framework; includeInIndex = undefined; name = SwiftUI.framework; sourceTree = SDKROOT; };
		XXA12889081EB894481655XX /* AppIntents.framework */ = {isa = PBXFileReference; path = System/Library/Frameworks/AppIntents.framework; fileEncoding = 4; lastKnownFileType = wrapper.framework; includeInIndex = undefined; name = AppIntents.framework; sourceTree = SDKROOT; };
		XXCAF23C3FC41F82140FA1XX /* ActivityKit.framework */ = {isa = PBXFileReference; path = System/Library/Frameworks/ActivityKit.framework; fileEncoding = 4; lastKnownFileType = wrapper.framework; includeInIndex = undefined; name = ActivityKit.framework; sourceTree = SDKROOT; };
		XXD26DB380DB6D7349BA89XX /* widget.appex */ = {isa = PBXFileReference; explicitFileType = "wrapper.app-extension"; includeInIndex = 0; path = widget.appex; sourceTree = BUILT_PRODUCTS_DIR; fileEncoding = 4; };
		XXE892435E862CB13C65E8XX /* PastVu.app */ = {isa = PBXFileReference; explicitFileType = "wrapper.app-extension"; includeInIndex = 0; path = PastVu.app; sourceTree = BUILT_PRODUCTS_DIR; fileEncoding = 4; };
/* End PBXFileReference section */

/* Begin PBXFileSystemSynchronizedBuildFileExceptionSet section */
		XX405B489C26218A367829XX /* PBXFileSystemSynchronizedBuildFileExceptionSet */ = {
			isa = PBXFileSystemSynchronizedBuildFileExceptionSet;
			target = XXDAF4B0597BC9C14BF456XX /* widget */;
			membershipExceptions = (
				Info.plist,
				"expo-target.config.js",
			);
		};
		XX95708FE0CAA3B92F2595XX /* PBXFileSystemSynchronizedBuildFileExceptionSet */ = {
			isa = PBXFileSystemSynchronizedBuildFileExceptionSet;
			target = XXE5B04BE773BD07DAC22CXX /* PastVu */;
			membershipExceptions = (
				Info.plist,
				"expo-target.config.js",
			);
		};
/* End PBXFileSystemSynchronizedBuildFileExceptionSet section */

/* Begin PBXFileSystemSynchronizedRootGroup section */
		XX6F5080CAC633EB04F77BXX /* watch */ = {
			isa = PBXFileSystemSynchronizedRootGroup;
			path = watch;
			exceptions = (
				XX95708FE0CAA3B92F2595XX /* PBXFileSystemSynchronizedBuildFileExceptionSet */,
			);
			explicitFileTypes = {
			};
			explicitFolders = (
			);
			sourceTree = "<group>";
		};
		XX74331DE64351605DBEB9XX /* widget */ = {
			isa = PBXFileSystemSynchronizedRootGroup;
			path = widget;
			exceptions = (
				XX405B489C26218A367829XX /* PBXFileSystemSynchronizedBuildFileExceptionSet */,
			);
			explicitFileTypes = {
			};
			explicitFolders = (
			);
			sourceTree = "<group>";
		};
/* End PBXFileSystemSynchronizedRootGroup section */

/* Begin PBXFrameworksBuildPhase section */
		13B07F8C1A680F5B00A75B9A /* Frameworks */ = {
			isa = PBXFrameworksBuildPhase;
			buildActionMask = 2147483647;
			files = (
			);
			runOnlyForDeploymentPostprocessing = 0;
		};
		XX074B8811C1CF8E8A3D74XX /* Frameworks */ = {
			isa = PBXFrameworksBuildPhase;
			buildActionMask = 2147483647;
			runOnlyForDeploymentPostprocessing = 0;
			files = (
				XX12B55A1EDABF083C3B51XX /* WidgetKit.framework in Frameworks */,
				XX6A44985675A04437B8C4XX /* SwiftUI.framework in Frameworks */,
				XX3C562DEF346B45594832XX /* ActivityKit.framework in Frameworks */,
				XX1A6800511A685AB346D2XX /* AppIntents.framework in Frameworks */,
			);
		};
/* End PBXFrameworksBuildPhase section */

/* Begin PBXGroup section */
		13B07FAE1A68108700A75B9A /* PastVu */ = {
			isa = PBXGroup;
			children = (
				F11748412D0307B40044C1D9 /* AppDelegate.swift */,
				F11748442D0722820044C1D9 /* PastVu-Bridging-Header.h */,
				BB2F792B24A3F905000567C9 /* Supporting */,
				13B07FB51A68108700A75B9A /* Images.xcassets */,
				13B07FB61A68108700A75B9A /* Info.plist */,
				AA286B85B6C04FC6940260E9 /* SplashScreen.storyboard */,
				E06A15F9A6EB4018A975B6D3 /* PastVu.icon */,
			);
			name = PastVu;
			sourceTree = "<group>";
		};
		16C6945AC9254A2D98D09884 /* et.lproj */ = {
			isa = PBXGroup;
			children = (
				3B5DACB1F0AC45ACB09443C6 /* InfoPlist.strings */,
			);
			name = et.lproj;
			sourceTree = "<group>";
			path = "";
		};
		2ABFAE286D2244588DFB61D4 /* de.lproj */ = {
			isa = PBXGroup;
			children = (
				68C7B008B12A47B98B03DE5A /* InfoPlist.strings */,
			);
			name = de.lproj;
			sourceTree = "<group>";
			path = "";
		};
		2D16E6871FA4F8E400B85C8A /* Frameworks */ = {
			isa = PBXGroup;
			children = (
				ED297162215061F000B7C4FE /* JavaScriptCore.framework */,
				XX470101BAEB8E0BBC8B0DXX /* WidgetKit.framework */,
				XX4DFF38D47332D6BF0183XX /* SwiftUI.framework */,
				XXCAF23C3FC41F82140FA1XX /* ActivityKit.framework */,
				XXA12889081EB894481655XX /* AppIntents.framework */,
			);
			name = Frameworks;
			sourceTree = "<group>";
		};
		3256EF06C41348C1832F12F2 /* lt.lproj */ = {
			isa = PBXGroup;
			children = (
				FA4BB92058CD468FAD8CF637 /* InfoPlist.strings */,
			);
			name = lt.lproj;
			sourceTree = "<group>";
			path = "";
		};
		416F566596A548A1812A08F7 /* pl.lproj */ = {
			isa = PBXGroup;
			children = (
				C36F6D6754624D3A954F57D9 /* InfoPlist.strings */,
			);
			name = pl.lproj;
			sourceTree = "<group>";
			path = "";
		};
		46FA3BAD4104489397E397DC /* cs.lproj */ = {
			isa = PBXGroup;
			children = (
				5D9D576D181B46FDBCFD7A2A /* InfoPlist.strings */,
			);
			name = cs.lproj;
			sourceTree = "<group>";
			path = "";
		};
		589792E88D764325ADE976FE /* hu.lproj */ = {
			isa = PBXGroup;
			children = (
				F757A517F1C94ABFB79ABE88 /* InfoPlist.strings */,
			);
			name = hu.lproj;
			sourceTree = "<group>";
			path = "";
		};
		5A6698264B7C4D29998CD956 /* uk.lproj */ = {
			isa = PBXGroup;
			children = (
				4556D9EB98B347338EF3CAEB /* InfoPlist.strings */,
			);
			name = uk.lproj;
			sourceTree = "<group>";
			path = "";
		};
		71A436FB4C0E48189DA40195 /* en.lproj */ = {
			isa = PBXGroup;
			children = (
				C7A2760BA6ED4134AFC8AA3A /* InfoPlist.strings */,
			);
			name = en.lproj;
			sourceTree = "<group>";
			path = "";
		};
		832341AE1AAA6A7D00B99B32 /* Libraries */ = {
			isa = PBXGroup;
			children = (
			);
			name = Libraries;
			sourceTree = "<group>";
		};
		83CBB9F61A601CBA00E9B192 = {
			isa = PBXGroup;
			children = (
				XX3E41C1850246162C0061XX /* expo:targets */,
				13B07FAE1A68108700A75B9A /* PastVu */,
				832341AE1AAA6A7D00B99B32 /* Libraries */,
				83CBBA001A601CBA00E9B192 /* Products */,
				2D16E6871FA4F8E400B85C8A /* Frameworks */,
			);
			indentWidth = 2;
			sourceTree = "<group>";
			tabWidth = 2;
			usesTabs = 0;
		};
		83CBBA001A601CBA00E9B192 /* Products */ = {
			isa = PBXGroup;
			children = (
				13B07F961A680F5B00A75B9A /* PastVu.app */,
				XXE892435E862CB13C65E8XX /* PastVu.app */,
				XXD26DB380DB6D7349BA89XX /* widget.appex */,
			);
			name = Products;
			sourceTree = "<group>";
		};
		8E41E58E4BB1436E8364A68E /* sr.lproj */ = {
			isa = PBXGroup;
			children = (
				F4818CE6A8F14C728B8B0D66 /* InfoPlist.strings */,
			);
			name = sr.lproj;
			sourceTree = "<group>";
			path = "";
		};
		8FE930F6B8A9494C88C18B5B /* fi.lproj */ = {
			isa = PBXGroup;
			children = (
				7B0E81B4AF864B01B7F44A63 /* InfoPlist.strings */,
			);
			name = fi.lproj;
			sourceTree = "<group>";
			path = "";
		};
		9285E9726DF648429A4EE18E /* be.lproj */ = {
			isa = PBXGroup;
			children = (
				E6DD0BD1D6AE4E1BA36720C4 /* InfoPlist.strings */,
			);
			name = be.lproj;
			sourceTree = "<group>";
			path = "";
		};
		BB2F792B24A3F905000567C9 /* Supporting */ = {
			isa = PBXGroup;
			children = (
				BB2F792C24A3F905000567C9 /* Expo.plist */,
				C695BB7499934084A1A615B3 /* ru.lproj */,
				71A436FB4C0E48189DA40195 /* en.lproj */,
				5A6698264B7C4D29998CD956 /* uk.lproj */,
				9285E9726DF648429A4EE18E /* be.lproj */,
				416F566596A548A1812A08F7 /* pl.lproj */,
				2ABFAE286D2244588DFB61D4 /* de.lproj */,
				46FA3BAD4104489397E397DC /* cs.lproj */,
				589792E88D764325ADE976FE /* hu.lproj */,
				8FE930F6B8A9494C88C18B5B /* fi.lproj */,
				16C6945AC9254A2D98D09884 /* et.lproj */,
				CD461ED5C1004F059AFC2388 /* lv.lproj */,
				3256EF06C41348C1832F12F2 /* lt.lproj */,
				8E41E58E4BB1436E8364A68E /* sr.lproj */,
				C6E3999CE9544D7D9E4FEB44 /* fr.lproj */,
			);
			name = Supporting;
			path = PastVu/Supporting;
			sourceTree = "<group>";
		};
		C695BB7499934084A1A615B3 /* ru.lproj */ = {
			isa = PBXGroup;
			children = (
				C8F8B537C00D451EB8EE9EAF /* InfoPlist.strings */,
			);
			name = ru.lproj;
			sourceTree = "<group>";
			path = "";
		};
		C6E3999CE9544D7D9E4FEB44 /* fr.lproj */ = {
			isa = PBXGroup;
			children = (
				F1854E82B8C348AB88BE8606 /* InfoPlist.strings */,
			);
			name = fr.lproj;
			sourceTree = "<group>";
			path = "";
		};
		CD461ED5C1004F059AFC2388 /* lv.lproj */ = {
			isa = PBXGroup;
			children = (
				DC34DFF145064C9BBF830AD8 /* InfoPlist.strings */,
			);
			name = lv.lproj;
			sourceTree = "<group>";
			path = "";
		};
		XX3E41C1850246162C0061XX /* expo:targets */ = {
			isa = PBXGroup;
			children = (
				XX6F5080CAC633EB04F77BXX /* watch */,
				XX74331DE64351605DBEB9XX /* widget */,
			);
			sourceTree = "<group>";
			name = expo:targets;
			path = ../targets;
		};
/* End PBXGroup section */

/* Begin PBXNativeTarget section */
		13B07F861A680F5B00A75B9A /* PastVu */ = {
			isa = PBXNativeTarget;
			buildConfigurationList = 13B07F931A680F5B00A75B9A /* Build configuration list for PBXNativeTarget "PastVu" */;
			buildPhases = (
				08A4A3CD28434E44B6B9DE2E /* [CP] Check Pods Manifest.lock */,
				13B07F871A680F5B00A75B9A /* Sources */,
				13B07F8C1A680F5B00A75B9A /* Frameworks */,
				13B07F8E1A680F5B00A75B9A /* Resources */,
				00DD1BFF1BD5951E006B06BC /* Bundle React Native code and images */,
				800E24972A6A228C8D4807E9 /* [CP] Copy Pods Resources */,
				3B6EB2EA1D9A41499F35BBB8 /* [Expo Dev Launcher] Strip Local Network Keys for Release */,
				XX81D5C67C94C2E1F9007EXX /* Embed Watch Content */,
				XX72A8CFBF0FBA13A79902XX /* Embed Foundation Extensions */,
			);
			buildRules = (
			);
			dependencies = (
				XX6459B2F563F9E1DA59BEXX /* PBXTargetDependency */,
				XX00884662FDB1E65F4F60XX /* PBXTargetDependency */,
			);
			name = PastVu;
			productName = PastVu;
			productReference = 13B07F961A680F5B00A75B9A /* PastVu.app */;
			productType = "com.apple.product-type.application";
		};
		XXDAF4B0597BC9C14BF456XX /* widget */ = {
			isa = PBXNativeTarget;
			buildPhases = (
				XX074B8811C1CF8E8A3D74XX /* Frameworks */,
				XXDC105B0E28F884B8E02DXX /* Sources */,
				XXC55EF014B50CBDECCD15XX /* Resources */,
			);
			buildRules = (
			);
			dependencies = (
			);
			buildConfigurationList = XXC9DAD8470D0A1719C4ACXX /* Build configuration list for PBXNativeTarget "widget" */;
			name = widget;
			productName = widget;
			productReference = XXD26DB380DB6D7349BA89XX /* widget.appex */;
			productType = "com.apple.product-type.app-extension";
			fileSystemSynchronizedGroups = (
				XX74331DE64351605DBEB9XX /* widget */,
			);
		};
		XXE5B04BE773BD07DAC22CXX /* PastVu */ = {
			isa = PBXNativeTarget;
			buildPhases = (
				XXE45443DC38DCFE1DB622XX /* Sources */,
				XXFA5A8CCDD805DF7AEF9CXX /* Resources */,
			);
			buildRules = (
			);
			dependencies = (
			);
			buildConfigurationList = XX4E893100DF28FFF0033EXX /* Build configuration list for PBXNativeTarget "PastVu" */;
			name = PastVu;
			productName = PastVu;
			productReference = XXE892435E862CB13C65E8XX /* PastVu.app */;
			productType = "com.apple.product-type.application";
			fileSystemSynchronizedGroups = (
				XX6F5080CAC633EB04F77BXX /* watch */,
			);
		};
/* End PBXNativeTarget section */

/* Begin PBXProject section */
		83CBB9F71A601CBA00E9B192 /* Project object */ = {
			isa = PBXProject;
			attributes = {
				LastUpgradeCheck = 1130;
				TargetAttributes = {
					13B07F861A680F5B00A75B9A = {
						LastSwiftMigration = 1250;
					};
					XXE5B04BE773BD07DAC22CXX = {
						CreatedOnToolsVersion = 14.3;
						ProvisioningStyle = Automatic;
						DevelopmentTeam = 989AHJ2KDZ;
					};
					XXDAF4B0597BC9C14BF456XX = {
						CreatedOnToolsVersion = 14.3;
						ProvisioningStyle = Automatic;
						DevelopmentTeam = 989AHJ2KDZ;
					};
				};
			};
			buildConfigurationList = 83CBB9FA1A601CBA00E9B192 /* Build configuration list for PBXProject "PastVu" */;
			compatibilityVersion = "Xcode 3.2";
			developmentRegion = en;
			hasScannedForEncodings = 0;
			knownRegions = (
				en,
				Base,
			);
			mainGroup = 83CBB9F61A601CBA00E9B192;
			productRefGroup = 83CBBA001A601CBA00E9B192 /* Products */;
			projectDirPath = "";
			projectRoot = "";
			targets = (
				13B07F861A680F5B00A75B9A /* PastVu */,
				XXE5B04BE773BD07DAC22CXX /* PastVu */,
				XXDAF4B0597BC9C14BF456XX /* widget */,
			);
		};
/* End PBXProject section */

/* Begin PBXResourcesBuildPhase section */
		13B07F8E1A680F5B00A75B9A /* Resources */ = {
			isa = PBXResourcesBuildPhase;
			buildActionMask = 2147483647;
			files = (
				BB2F792D24A3F905000567C9 /* Expo.plist in Resources */,
				13B07FBF1A68108700A75B9A /* Images.xcassets in Resources */,
				3E461D99554A48A4959DE609 /* SplashScreen.storyboard in Resources */,
				61A738427821480599DCEF4E /* PastVu.icon in Resources */,
				0C5A1AAAA28C428F8834252B /* InfoPlist.strings in Resources */,
				FBCBA6A1F0194157A6834C89 /* InfoPlist.strings in Resources */,
				9A273749B5774CE09480A76E /* InfoPlist.strings in Resources */,
				B39A2CB998484A46B63F7F6B /* InfoPlist.strings in Resources */,
				A10F860AC9674714A399A310 /* InfoPlist.strings in Resources */,
				4E7D8CC94CF94963ABF8E6A3 /* InfoPlist.strings in Resources */,
				9EC53CA07D884C019CDEB9E6 /* InfoPlist.strings in Resources */,
				C49C284C71C84327ABDB5416 /* InfoPlist.strings in Resources */,
				91590C4751D34BDE8E9CC1A6 /* InfoPlist.strings in Resources */,
				17746F8B909F4D0E8AAF8DF3 /* InfoPlist.strings in Resources */,
				4F97524CEDE6463FAFE9A8CB /* InfoPlist.strings in Resources */,
				4C58A3888E9E4E65B40AED5A /* InfoPlist.strings in Resources */,
				F08EB113820B4EA79873CD23 /* InfoPlist.strings in Resources */,
				8BB243385BFC460F9269716D /* InfoPlist.strings in Resources */,
			);
			runOnlyForDeploymentPostprocessing = 0;
		};
		XXC55EF014B50CBDECCD15XX /* Resources */ = {
			isa = PBXResourcesBuildPhase;
			buildActionMask = 2147483647;
			runOnlyForDeploymentPostprocessing = 0;
			files = (
			);
		};
		XXFA5A8CCDD805DF7AEF9CXX /* Resources */ = {
			isa = PBXResourcesBuildPhase;
			buildActionMask = 2147483647;
			runOnlyForDeploymentPostprocessing = 0;
			files = (
			);
		};
/* End PBXResourcesBuildPhase section */

/* Begin PBXShellScriptBuildPhase section */
		00DD1BFF1BD5951E006B06BC /* Bundle React Native code and images */ = {
			isa = PBXShellScriptBuildPhase;
			alwaysOutOfDate = 1;
			buildActionMask = 2147483647;
			files = (
			);
			inputPaths = (
				"$(SRCROOT)/.xcode.env",
				"$(SRCROOT)/.xcode.env.local",
			);
			name = "Bundle React Native code and images";
			outputPaths = (
			);
			runOnlyForDeploymentPostprocessing = 0;
			shellPath = /bin/sh;
			shellScript = "if [[ -f \"$PODS_ROOT/../.xcode.env\" ]]; then\n  source \"$PODS_ROOT/../.xcode.env\"\nfi\nif [[ -f \"$PODS_ROOT/../.xcode.env.local\" ]]; then\n  source \"$PODS_ROOT/../.xcode.env.local\"\nfi\n\n# The project root by default is one level up from the ios directory\nexport PROJECT_ROOT=\"$PROJECT_DIR\"/..\n\nif [[ \"$CONFIGURATION\" = *Debug* ]]; then\n  export SKIP_BUNDLING=1\nfi\nif [[ -z \"$ENTRY_FILE\" ]]; then\n  # Set the entry JS file using the bundler's entry resolution.\n  export ENTRY_FILE=\"$(\"$NODE_BINARY\" -e \"require('expo/scripts/resolveAppEntry')\" \"$PROJECT_ROOT\" ios absolute | tail -n 1)\"\nfi\n\nif [[ -z \"$CLI_PATH\" ]]; then\n  # Use Expo CLI\n  export CLI_PATH=\"$(\"$NODE_BINARY\" --print \"require.resolve('@expo/cli', { paths: [require.resolve('expo/package.json')] })\")\"\nfi\nif [[ -z \"$BUNDLE_COMMAND\" ]]; then\n  # Default Expo CLI command for bundling\n  export BUNDLE_COMMAND=\"export:embed\"\nfi\n\n# Source .xcode.env.updates if it exists to allow\n# SKIP_BUNDLING to be unset if needed\nif [[ -f \"$PODS_ROOT/../.xcode.env.updates\" ]]; then\n  source \"$PODS_ROOT/../.xcode.env.updates\"\nfi\n# Source local changes to allow overrides\n# if needed\nif [[ -f \"$PODS_ROOT/../.xcode.env.local\" ]]; then\n  source \"$PODS_ROOT/../.xcode.env.local\"\nfi\n\n`\"$NODE_BINARY\" --print \"require('path').dirname(require.resolve('react-native/package.json')) + '/scripts/react-native-xcode.sh'\"`\n\n";
			outputFileListPaths = (
			);
			inputFileListPaths = (
			);
		};
		08A4A3CD28434E44B6B9DE2E /* [CP] Check Pods Manifest.lock */ = {
			isa = PBXShellScriptBuildPhase;
			buildActionMask = 2147483647;
			files = (
			);
			inputFileListPaths = (
			);
			inputPaths = (
				"${PODS_PODFILE_DIR_PATH}/Podfile.lock",
				"${PODS_ROOT}/Manifest.lock",
			);
			name = "[CP] Check Pods Manifest.lock";
			outputFileListPaths = (
			);
			outputPaths = (
				"$(DERIVED_FILE_DIR)/Pods-PastVu-checkManifestLockResult.txt",
			);
			runOnlyForDeploymentPostprocessing = 0;
			shellPath = /bin/sh;
			shellScript = "diff \"${PODS_PODFILE_DIR_PATH}/Podfile.lock\" \"${PODS_ROOT}/Manifest.lock\" > /dev/null\nif [ $? != 0 ] ; then\n    # print error to STDERR\n    echo \"error: The sandbox is not in sync with the Podfile.lock. Run 'pod install' or update your CocoaPods installation.\" >&2\n    exit 1\nfi\n# This output is used by Xcode 'outputs' to avoid re-running this script phase.\necho \"SUCCESS\" > \"${SCRIPT_OUTPUT_FILE_0}\"\n";
			showEnvVarsInLog = 0;
		};
		3B6EB2EA1D9A41499F35BBB8 /* [Expo Dev Launcher] Strip Local Network Keys for Release */ = {
			isa = PBXShellScriptBuildPhase;
			buildActionMask = 2147483647;
			files = (
			);
			runOnlyForDeploymentPostprocessing = 0;
			name = "[Expo Dev Launcher] Strip Local Network Keys for Release";
			inputPaths = (
			);
			outputPaths = (
			);
			shellPath = /bin/sh;
			shellScript = "# Strip dev-launcher-specific local network permission keys from non-Debug builds\n# This only removes _expo._tcp Bonjour services and the dev-launcher usage description.\n# Other Bonjour services and custom descriptions are preserved for production use.\n\nif [ \"$CONFIGURATION\" != \"Debug\" ]; then\n  PLIST_PATH=\"${TARGET_BUILD_DIR}/${INFOPLIST_PATH}\"\n  if [ -f \"$PLIST_PATH\" ]; then\n    # Check if NSBonjourServices exists\n    if /usr/libexec/PlistBuddy -c \"Print :NSBonjourServices\" \"$PLIST_PATH\" >/dev/null 2>&1; then\n      # Get the count of services\n      COUNT=$(/usr/libexec/PlistBuddy -c \"Print :NSBonjourServices\" \"$PLIST_PATH\" 2>/dev/null | grep \"^    \" | wc -l | tr -d ' ')\n\n      # Remove _expo._tcp\n      for ((i=COUNT-1; i>=0; i--)); do\n        SERVICE=$(/usr/libexec/PlistBuddy -c \"Print :NSBonjourServices:$i\" \"$PLIST_PATH\" 2>/dev/null || echo \"\")\n        if echo \"$SERVICE\" | grep -q \"_expo._tcp\"; then\n          /usr/libexec/PlistBuddy -c \"Delete :NSBonjourServices:$i\" \"$PLIST_PATH\" 2>/dev/null || true\n        fi\n      done\n\n      # If the array is now empty, remove it entirely\n      REMAINING=$(/usr/libexec/PlistBuddy -c \"Print :NSBonjourServices\" \"$PLIST_PATH\" 2>/dev/null | grep \"^    \" | wc -l | tr -d ' ')\n      if [ \"$REMAINING\" -eq \"0\" ]; then\n        /usr/libexec/PlistBuddy -c \"Delete :NSBonjourServices\" \"$PLIST_PATH\" 2>/dev/null || true\n      fi\n    fi\n\n    # Only delete the description if it matches the dev-launcher default text\n    DESC=$(/usr/libexec/PlistBuddy -c \"Print :NSLocalNetworkUsageDescription\" \"$PLIST_PATH\" 2>/dev/null || echo \"\")\n    if echo \"$DESC\" | grep -q \"Expo Dev Launcher\"; then\n      /usr/libexec/PlistBuddy -c \"Delete :NSLocalNetworkUsageDescription\" \"$PLIST_PATH\" 2>/dev/null || true\n    fi\n  fi\nfi\n";
			outputFileListPaths = (
			);
			inputFileListPaths = (
			);
		};
		800E24972A6A228C8D4807E9 /* [CP] Copy Pods Resources */ = {
			isa = PBXShellScriptBuildPhase;
			buildActionMask = 2147483647;
			files = (
			);
			inputPaths = (
				"${PODS_ROOT}/Target Support Files/Pods-PastVu/Pods-PastVu-resources.sh",
				"${PODS_CONFIGURATION_BUILD_DIR}/EXConstants/EXConstants.bundle",
				"${PODS_CONFIGURATION_BUILD_DIR}/EXUpdates/EXUpdates.bundle",
				"${PODS_CONFIGURATION_BUILD_DIR}/React-Core/RCTI18nStrings.bundle",
			);
			name = "[CP] Copy Pods Resources";
			outputPaths = (
				"${TARGET_BUILD_DIR}/${UNLOCALIZED_RESOURCES_FOLDER_PATH}/EXConstants.bundle",
				"${TARGET_BUILD_DIR}/${UNLOCALIZED_RESOURCES_FOLDER_PATH}/EXUpdates.bundle",
				"${TARGET_BUILD_DIR}/${UNLOCALIZED_RESOURCES_FOLDER_PATH}/RCTI18nStrings.bundle",
			);
			runOnlyForDeploymentPostprocessing = 0;
			shellPath = /bin/sh;
			shellScript = "\"${PODS_ROOT}/Target Support Files/Pods-PastVu/Pods-PastVu-resources.sh\"\n";
			showEnvVarsInLog = 0;
			outputFileListPaths = (
			);
			inputFileListPaths = (
			);
		};
/* End PBXShellScriptBuildPhase section */

/* Begin PBXSourcesBuildPhase section */
		13B07F871A680F5B00A75B9A /* Sources */ = {
			isa = PBXSourcesBuildPhase;
			buildActionMask = 2147483647;
			files = (
				F11748422D0307B40044C1D9 /* AppDelegate.swift in Sources */,
			);
			runOnlyForDeploymentPostprocessing = 0;
		};
		XXDC105B0E28F884B8E02DXX /* Sources */ = {
			isa = PBXSourcesBuildPhase;
			buildActionMask = 2147483647;
			runOnlyForDeploymentPostprocessing = 0;
			files = (
			);
		};
		XXE45443DC38DCFE1DB622XX /* Sources */ = {
			isa = PBXSourcesBuildPhase;
			buildActionMask = 2147483647;
			runOnlyForDeploymentPostprocessing = 0;
			files = (
			);
		};
/* End PBXSourcesBuildPhase section */

/* Begin PBXTargetDependency section */
		XX00884662FDB1E65F4F60XX /* PBXTargetDependency */ = {
			isa = PBXTargetDependency;
			target = XXDAF4B0597BC9C14BF456XX /* widget */;
			targetProxy = XXCC87180838018B3E5641XX /* PBXContainerItemProxy */;
		};
		XX6459B2F563F9E1DA59BEXX /* PBXTargetDependency */ = {
			isa = PBXTargetDependency;
			target = XXE5B04BE773BD07DAC22CXX /* PastVu */;
			targetProxy = XX172D83F0D7C06ECA2FF5XX /* PBXContainerItemProxy */;
		};
/* End PBXTargetDependency section */

/* Begin XCBuildConfiguration section */
		13B07F941A680F5B00A75B9A /* Debug */ = {
			isa = XCBuildConfiguration;
			buildSettings = {
				ASSETCATALOG_COMPILER_APPICON_NAME = PastVu;
				CLANG_ENABLE_MODULES = YES;
				CURRENT_PROJECT_VERSION = 1;
				ENABLE_BITCODE = NO;
				GCC_PREPROCESSOR_DEFINITIONS = (
					"$(inherited)",
					"FB_SONARKIT_ENABLED=1",
				);
				INFOPLIST_FILE = PastVu/Info.plist;
				IPHONEOS_DEPLOYMENT_TARGET = 16.4;
				LD_RUNPATH_SEARCH_PATHS = (
					"$(inherited)",
					"@executable_path/Frameworks",
				);
				MACOSX_DEPLOYMENT_TARGET = 13.4;
				MARKETING_VERSION = 2.6.0;
				OTHER_LDFLAGS = (
					"$(inherited)",
					"-ObjC",
					"-lc++",
				);
				PRODUCT_BUNDLE_IDENTIFIER = com.pelixpng.PastVuApp;
				PRODUCT_NAME = PastVu;
				SWIFT_OBJC_BRIDGING_HEADER = "PastVu/PastVu-Bridging-Header.h";
				SWIFT_OPTIMIZATION_LEVEL = "-Onone";
				SWIFT_VERSION = 5.0;
				VERSIONING_SYSTEM = "apple-generic";
				DEVELOPMENT_TEAM = 989AHJ2KDZ;
				TARGETED_DEVICE_FAMILY = "1,2";
				ALWAYS_EMBED_SWIFT_STANDARD_LIBRARIES = YES;
				CODE_SIGN_ENTITLEMENTS = PastVu/PastVu.entitlements;
			};
			name = Debug;
		};
		13B07F951A680F5B00A75B9A /* Release */ = {
			isa = XCBuildConfiguration;
			buildSettings = {
				ASSETCATALOG_COMPILER_APPICON_NAME = PastVu;
				CLANG_ENABLE_MODULES = YES;
				CURRENT_PROJECT_VERSION = 1;
				INFOPLIST_FILE = PastVu/Info.plist;
				IPHONEOS_DEPLOYMENT_TARGET = 16.4;
				LD_RUNPATH_SEARCH_PATHS = (
					"$(inherited)",
					"@executable_path/Frameworks",
				);
				MACOSX_DEPLOYMENT_TARGET = 13.4;
				MARKETING_VERSION = 2.6.0;
				OTHER_LDFLAGS = (
					"$(inherited)",
					"-ObjC",
					"-lc++",
				);
				PRODUCT_BUNDLE_IDENTIFIER = com.pelixpng.PastVuApp;
				PRODUCT_NAME = PastVu;
				SWIFT_OBJC_BRIDGING_HEADER = "PastVu/PastVu-Bridging-Header.h";
				SWIFT_VERSION = 5.0;
				VERSIONING_SYSTEM = "apple-generic";
				DEVELOPMENT_TEAM = 989AHJ2KDZ;
				TARGETED_DEVICE_FAMILY = "1,2";
				ALWAYS_EMBED_SWIFT_STANDARD_LIBRARIES = YES;
				CODE_SIGN_ENTITLEMENTS = PastVu/PastVu.entitlements;
			};
			name = Release;
		};
		83CBBA201A601CBA00E9B192 /* Debug */ = {
			isa = XCBuildConfiguration;
			buildSettings = {
				ALWAYS_SEARCH_USER_PATHS = NO;
				CLANG_ANALYZER_LOCALIZABILITY_NONLOCALIZED = YES;
				CLANG_CXX_LANGUAGE_STANDARD = "c++20";
				CLANG_CXX_LIBRARY = "libc++";
				CLANG_ENABLE_MODULES = YES;
				CLANG_ENABLE_OBJC_ARC = YES;
				CLANG_WARN_BLOCK_CAPTURE_AUTORELEASING = YES;
				CLANG_WARN_BOOL_CONVERSION = YES;
				CLANG_WARN_COMMA = YES;
				CLANG_WARN_CONSTANT_CONVERSION = YES;
				CLANG_WARN_DEPRECATED_OBJC_IMPLEMENTATIONS = YES;
				CLANG_WARN_DIRECT_OBJC_ISA_USAGE = YES_ERROR;
				CLANG_WARN_EMPTY_BODY = YES;
				CLANG_WARN_ENUM_CONVERSION = YES;
				CLANG_WARN_INFINITE_RECURSION = YES;
				CLANG_WARN_INT_CONVERSION = YES;
				CLANG_WARN_NON_LITERAL_NULL_CONVERSION = YES;
				CLANG_WARN_OBJC_IMPLICIT_RETAIN_SELF = YES;
				CLANG_WARN_OBJC_LITERAL_CONVERSION = YES;
				CLANG_WARN_OBJC_ROOT_CLASS = YES_ERROR;
				CLANG_WARN_RANGE_LOOP_ANALYSIS = YES;
				CLANG_WARN_STRICT_PROTOTYPES = YES;
				CLANG_WARN_SUSPICIOUS_MOVE = YES;
				CLANG_WARN_UNREACHABLE_CODE = YES;
				CLANG_WARN__DUPLICATE_METHOD_MATCH = YES;
				"CODE_SIGN_IDENTITY[sdk=iphoneos*]" = "iPhone Developer";
				COPY_PHASE_STRIP = NO;
				ENABLE_STRICT_OBJC_MSGSEND = YES;
				ENABLE_TESTABILITY = YES;
				GCC_C_LANGUAGE_STANDARD = gnu99;
				GCC_DYNAMIC_NO_PIC = NO;
				GCC_NO_COMMON_BLOCKS = YES;
				GCC_OPTIMIZATION_LEVEL = 0;
				GCC_PREPROCESSOR_DEFINITIONS = (
					"DEBUG=1",
					"$(inherited)",
				);
				GCC_SYMBOLS_PRIVATE_EXTERN = NO;
				GCC_WARN_64_TO_32_BIT_CONVERSION = YES;
				GCC_WARN_ABOUT_RETURN_TYPE = YES_ERROR;
				GCC_WARN_UNDECLARED_SELECTOR = YES;
				GCC_WARN_UNINITIALIZED_AUTOS = YES_AGGRESSIVE;
				GCC_WARN_UNUSED_FUNCTION = YES;
				GCC_WARN_UNUSED_VARIABLE = YES;
				IPHONEOS_DEPLOYMENT_TARGET = 16.4;
				LD_RUNPATH_SEARCH_PATHS = (
					/usr/lib/swift,
					"$(inherited)",
				);
				LIBRARY_SEARCH_PATHS = "\"$(inherited)\"";
				MTL_ENABLE_DEBUG_INFO = YES;
				ONLY_ACTIVE_ARCH = YES;
				SDKROOT = iphoneos;
			};
			name = Debug;
		};
		83CBBA211A601CBA00E9B192 /* Release */ = {
			isa = XCBuildConfiguration;
			buildSettings = {
				ALWAYS_SEARCH_USER_PATHS = NO;
				CLANG_ANALYZER_LOCALIZABILITY_NONLOCALIZED = YES;
				CLANG_CXX_LANGUAGE_STANDARD = "c++20";
				CLANG_CXX_LIBRARY = "libc++";
				CLANG_ENABLE_MODULES = YES;
				CLANG_ENABLE_OBJC_ARC = YES;
				CLANG_WARN_BLOCK_CAPTURE_AUTORELEASING = YES;
				CLANG_WARN_BOOL_CONVERSION = YES;
				CLANG_WARN_COMMA = YES;
				CLANG_WARN_CONSTANT_CONVERSION = YES;
				CLANG_WARN_DEPRECATED_OBJC_IMPLEMENTATIONS = YES;
				CLANG_WARN_DIRECT_OBJC_ISA_USAGE = YES_ERROR;
				CLANG_WARN_EMPTY_BODY = YES;
				CLANG_WARN_ENUM_CONVERSION = YES;
				CLANG_WARN_INFINITE_RECURSION = YES;
				CLANG_WARN_INT_CONVERSION = YES;
				CLANG_WARN_NON_LITERAL_NULL_CONVERSION = YES;
				CLANG_WARN_OBJC_IMPLICIT_RETAIN_SELF = YES;
				CLANG_WARN_OBJC_LITERAL_CONVERSION = YES;
				CLANG_WARN_OBJC_ROOT_CLASS = YES_ERROR;
				CLANG_WARN_RANGE_LOOP_ANALYSIS = YES;
				CLANG_WARN_STRICT_PROTOTYPES = YES;
				CLANG_WARN_SUSPICIOUS_MOVE = YES;
				CLANG_WARN_UNREACHABLE_CODE = YES;
				CLANG_WARN__DUPLICATE_METHOD_MATCH = YES;
				"CODE_SIGN_IDENTITY[sdk=iphoneos*]" = "iPhone Developer";
				COPY_PHASE_STRIP = YES;
				ENABLE_NS_ASSERTIONS = NO;
				ENABLE_STRICT_OBJC_MSGSEND = YES;
				GCC_C_LANGUAGE_STANDARD = gnu99;
				GCC_NO_COMMON_BLOCKS = YES;
				GCC_WARN_64_TO_32_BIT_CONVERSION = YES;
				GCC_WARN_ABOUT_RETURN_TYPE = YES_ERROR;
				GCC_WARN_UNDECLARED_SELECTOR = YES;
				GCC_WARN_UNINITIALIZED_AUTOS = YES_AGGRESSIVE;
				GCC_WARN_UNUSED_FUNCTION = YES;
				GCC_WARN_UNUSED_VARIABLE = YES;
				IPHONEOS_DEPLOYMENT_TARGET = 16.4;
				LD_RUNPATH_SEARCH_PATHS = (
					/usr/lib/swift,
					"$(inherited)",
				);
				LIBRARY_SEARCH_PATHS = "\"$(inherited)\"";
				MTL_ENABLE_DEBUG_INFO = NO;
				SDKROOT = iphoneos;
				VALIDATE_PRODUCT = YES;
			};
			name = Release;
		};
		XX0B016A83F4470900965CXX /* Release */ = {
			isa = XCBuildConfiguration;
			name = Release;
			buildSettings = {
				CLANG_ANALYZER_NONNULL = YES;
				CLANG_ANALYZER_NUMBER_OBJECT_CONVERSION = YES_AGGRESSIVE;
				CLANG_CXX_LANGUAGE_STANDARD = "gnu++20";
				CLANG_ENABLE_OBJC_WEAK = YES;
				CLANG_WARN_DOCUMENTATION_COMMENTS = YES;
				CLANG_WARN_QUOTED_INCLUDE_IN_FRAMEWORK_HEADER = YES;
				CLANG_WARN_UNGUARDED_AVAILABILITY = YES_AGGRESSIVE;
				CODE_SIGN_STYLE = Automatic;
				COPY_PHASE_STRIP = NO;
				CURRENT_PROJECT_VERSION = 68;
				DEBUG_INFORMATION_FORMAT = "dwarf-with-dsym";
				GCC_C_LANGUAGE_STANDARD = gnu11;
				GENERATE_INFOPLIST_FILE = YES;
				INFOPLIST_FILE = ../targets/widget/Info.plist;
				INFOPLIST_KEY_CFBundleDisplayName = widget;
				INFOPLIST_KEY_NSHumanReadableCopyright = "";
				IPHONEOS_DEPLOYMENT_TARGET = 17.0;
				LD_RUNPATH_SEARCH_PATHS = (
					"$(inherited)",
					"@executable_path/Frameworks",
					"@executable_path/../../Frameworks",
				);
				MARKETING_VERSION = 2.6.0;
				MTL_FAST_MATH = YES;
				PRODUCT_BUNDLE_IDENTIFIER = com.pelixpng.PastVuApp.widget;
				PRODUCT_NAME = "$(TARGET_NAME)";
				SKIP_INSTALL = YES;
				SWIFT_EMIT_LOC_STRINGS = YES;
				SWIFT_COMPILATION_MODE = wholemodule;
				SWIFT_OPTIMIZATION_LEVEL = "-O";
				SWIFT_VERSION = 5.0;
				TARGETED_DEVICE_FAMILY = "1,2";
				CODE_SIGN_ENTITLEMENTS = ../targets/widget/generated.entitlements;
				DEVELOPMENT_TEAM = 989AHJ2KDZ;
			};
		};
		XX2842CF544DFD3D2D9653XX /* Release */ = {
			isa = XCBuildConfiguration;
			name = Release;
			buildSettings = {
				ASSETCATALOG_COMPILER_APPICON_NAME = AppIcon;
				CLANG_ANALYZER_NONNULL = YES;
				CLANG_ANALYZER_NUMBER_OBJECT_CONVERSION = YES_AGGRESSIVE;
				CLANG_CXX_LANGUAGE_STANDARD = "gnu++20";
				CLANG_ENABLE_OBJC_WEAK = YES;
				CLANG_WARN_DOCUMENTATION_COMMENTS = YES;
				CLANG_WARN_QUOTED_INCLUDE_IN_FRAMEWORK_HEADER = YES;
				CLANG_WARN_UNGUARDED_AVAILABILITY = YES_AGGRESSIVE;
				CODE_SIGN_STYLE = Automatic;
				CURRENT_PROJECT_VERSION = 68;
				ENABLE_PREVIEWS = YES;
				GCC_C_LANGUAGE_STANDARD = gnu11;
				INFOPLIST_FILE = ../targets/watch/Info.plist;
				GENERATE_INFOPLIST_FILE = YES;
				INFOPLIST_KEY_CFBundleDisplayName = PastVu;
				INFOPLIST_KEY_UISupportedInterfaceOrientations = "UIInterfaceOrientationPortrait UIInterfaceOrientationPortraitUpsideDown";
				INFOPLIST_KEY_WKCompanionAppBundleIdentifier = com.pelixpng.PastVuApp;
				LD_RUNPATH_SEARCH_PATHS = (
					"$(inherited)",
					"@executable_path/Frameworks",
				);
				MARKETING_VERSION = 2.6.0;
				MTL_FAST_MATH = YES;
				PRODUCT_BUNDLE_IDENTIFIER = com.pelixpng.PastVuApp.watch;
				PRODUCT_NAME = "$(TARGET_NAME)";
				SDKROOT = watchos;
				SKIP_INSTALL = YES;
				SWIFT_EMIT_LOC_STRINGS = YES;
				SWIFT_OPTIMIZATION_LEVEL = "-O";
				SWIFT_VERSION = 5.0;
				TARGETED_DEVICE_FAMILY = 4;
				WATCHOS_DEPLOYMENT_TARGET = 9.4;
				SWIFT_COMPILATION_MODE = wholemodule;
				COPY_PHASE_STRIP = NO;
				DEBUG_INFORMATION_FORMAT = "dwarf-with-dsym";
				CODE_SIGN_ENTITLEMENTS = ../targets/watch/generated.entitlements;
				DEVELOPMENT_ASSET_PATHS = "\"../targets/watch/preview\"";
				DEVELOPMENT_TEAM = 989AHJ2KDZ;
			};
		};
		XX84272CB2F9EBEE80BB23XX /* Debug */ = {
			isa = XCBuildConfiguration;
			name = Debug;
			buildSettings = {
				CLANG_ANALYZER_NONNULL = YES;
				CLANG_ANALYZER_NUMBER_OBJECT_CONVERSION = YES_AGGRESSIVE;
				CLANG_CXX_LANGUAGE_STANDARD = "gnu++20";
				CLANG_ENABLE_OBJC_WEAK = YES;
				CLANG_WARN_DOCUMENTATION_COMMENTS = YES;
				CLANG_WARN_QUOTED_INCLUDE_IN_FRAMEWORK_HEADER = YES;
				CLANG_WARN_UNGUARDED_AVAILABILITY = YES_AGGRESSIVE;
				CODE_SIGN_STYLE = Automatic;
				CURRENT_PROJECT_VERSION = 68;
				DEBUG_INFORMATION_FORMAT = dwarf;
				GCC_C_LANGUAGE_STANDARD = gnu11;
				GENERATE_INFOPLIST_FILE = YES;
				INFOPLIST_FILE = ../targets/widget/Info.plist;
				INFOPLIST_KEY_CFBundleDisplayName = widget;
				INFOPLIST_KEY_NSHumanReadableCopyright = "";
				IPHONEOS_DEPLOYMENT_TARGET = 17.0;
				LD_RUNPATH_SEARCH_PATHS = (
					"$(inherited)",
					"@executable_path/Frameworks",
					"@executable_path/../../Frameworks",
				);
				MARKETING_VERSION = 2.6.0;
				MTL_ENABLE_DEBUG_INFO = INCLUDE_SOURCE;
				MTL_FAST_MATH = YES;
				PRODUCT_BUNDLE_IDENTIFIER = com.pelixpng.PastVuApp.widget;
				PRODUCT_NAME = "$(TARGET_NAME)";
				SKIP_INSTALL = YES;
				SWIFT_ACTIVE_COMPILATION_CONDITIONS = DEBUG;
				SWIFT_EMIT_LOC_STRINGS = YES;
				SWIFT_OPTIMIZATION_LEVEL = "-Onone";
				SWIFT_VERSION = 5.0;
				TARGETED_DEVICE_FAMILY = "1,2";
				CODE_SIGN_ENTITLEMENTS = ../targets/widget/generated.entitlements;
				DEVELOPMENT_TEAM = 989AHJ2KDZ;
			};
		};
		XXB9E9D1C9421722DBFD57XX /* Debug */ = {
			isa = XCBuildConfiguration;
			name = Debug;
			buildSettings = {
				ASSETCATALOG_COMPILER_APPICON_NAME = AppIcon;
				CLANG_ANALYZER_NONNULL = YES;
				CLANG_ANALYZER_NUMBER_OBJECT_CONVERSION = YES_AGGRESSIVE;
				CLANG_CXX_LANGUAGE_STANDARD = "gnu++20";
				CLANG_ENABLE_OBJC_WEAK = YES;
				CLANG_WARN_DOCUMENTATION_COMMENTS = YES;
				CLANG_WARN_QUOTED_INCLUDE_IN_FRAMEWORK_HEADER = YES;
				CLANG_WARN_UNGUARDED_AVAILABILITY = YES_AGGRESSIVE;
				CODE_SIGN_STYLE = Automatic;
				CURRENT_PROJECT_VERSION = 68;
				ENABLE_PREVIEWS = YES;
				GCC_C_LANGUAGE_STANDARD = gnu11;
				INFOPLIST_FILE = ../targets/watch/Info.plist;
				GENERATE_INFOPLIST_FILE = YES;
				INFOPLIST_KEY_CFBundleDisplayName = PastVu;
				INFOPLIST_KEY_UISupportedInterfaceOrientations = "UIInterfaceOrientationPortrait UIInterfaceOrientationPortraitUpsideDown";
				INFOPLIST_KEY_WKCompanionAppBundleIdentifier = com.pelixpng.PastVuApp;
				LD_RUNPATH_SEARCH_PATHS = (
					"$(inherited)",
					"@executable_path/Frameworks",
				);
				MARKETING_VERSION = 2.6.0;
				MTL_FAST_MATH = YES;
				PRODUCT_BUNDLE_IDENTIFIER = com.pelixpng.PastVuApp.watch;
				PRODUCT_NAME = "$(TARGET_NAME)";
				SDKROOT = watchos;
				SKIP_INSTALL = YES;
				SWIFT_EMIT_LOC_STRINGS = YES;
				SWIFT_OPTIMIZATION_LEVEL = "-Onone";
				SWIFT_VERSION = 5.0;
				TARGETED_DEVICE_FAMILY = 4;
				WATCHOS_DEPLOYMENT_TARGET = 9.4;
				MTL_ENABLE_DEBUG_INFO = INCLUDE_SOURCE;
				SWIFT_ACTIVE_COMPILATION_CONDITIONS = DEBUG;
				DEBUG_INFORMATION_FORMAT = dwarf;
				CODE_SIGN_ENTITLEMENTS = ../targets/watch/generated.entitlements;
				DEVELOPMENT_ASSET_PATHS = "\"../targets/watch/preview\"";
				DEVELOPMENT_TEAM = 989AHJ2KDZ;
			};
		};
/* End XCBuildConfiguration section */

/* Begin XCConfigurationList section */
		13B07F931A680F5B00A75B9A /* Build configuration list for PBXNativeTarget "PastVu" */ = {
			isa = XCConfigurationList;
			buildConfigurations = (
				13B07F941A680F5B00A75B9A /* Debug */,
				13B07F951A680F5B00A75B9A /* Release */,
			);
			defaultConfigurationIsVisible = 0;
			defaultConfigurationName = Release;
		};
		83CBB9FA1A601CBA00E9B192 /* Build configuration list for PBXProject "PastVu" */ = {
			isa = XCConfigurationList;
			buildConfigurations = (
				83CBBA201A601CBA00E9B192 /* Debug */,
				83CBBA211A601CBA00E9B192 /* Release */,
			);
			defaultConfigurationIsVisible = 0;
			defaultConfigurationName = Release;
		};
		XX4E893100DF28FFF0033EXX /* Build configuration list for PBXNativeTarget "PastVu" */ = {
			isa = XCConfigurationList;
			defaultConfigurationIsVisible = 0;
			buildConfigurations = (
				XXB9E9D1C9421722DBFD57XX /* Debug */,
				XX2842CF544DFD3D2D9653XX /* Release */,
			);
			defaultConfigurationName = Release;
		};
		XXC9DAD8470D0A1719C4ACXX /* Build configuration list for PBXNativeTarget "widget" */ = {
			isa = XCConfigurationList;
			defaultConfigurationIsVisible = 0;
			buildConfigurations = (
				XX84272CB2F9EBEE80BB23XX /* Debug */,
				XX0B016A83F4470900965CXX /* Release */,
			);
			defaultConfigurationName = Release;
		};
/* End XCConfigurationList section */
	};
	rootObject = 83CBB9F71A601CBA00E9B192 /* Project object */;
}
