PODS:
  - ASN1Decoder (1.9.0)
  - boost (1.76.0)
  - DoubleConversion (1.1.6)
  - EASClient (0.6.0):
    - ExpoModulesCore
  - EXApplication (5.3.0):
    - ExpoModulesCore
  - EXConstants (14.4.2):
    - ExpoModulesCore
  - EXFileSystem (15.4.5):
    - ExpoModulesCore
  - EXFont (11.4.0):
    - ExpoModulesCore
  - EXJSONUtils (0.7.1)
  - EXLocation (16.1.0):
    - ExpoModulesCore
  - EXManifests (0.7.2):
    - ExpoModulesCore
  - EXMediaLibrary (15.4.1):
    - ExpoModulesCore
    - RCT-Folly (= 2021.07.22.00)
    - React-Core
  - Expo (49.0.8):
    - ExpoModulesCore
  - expo-dev-client (2.4.13):
    - EXManifests
    - expo-dev-launcher
    - expo-dev-menu
    - expo-dev-menu-interface
    - EXUpdatesInterface
  - expo-dev-launcher (2.4.15):
    - EXManifests
    - expo-dev-launcher/Main (= 2.4.15)
    - expo-dev-menu
    - expo-dev-menu-interface
    - ExpoModulesCore
    - EXUpdatesInterface
    - RCT-Folly (= 2021.07.22.00)
    - React-Core
    - React-RCTAppDelegate
  - expo-dev-launcher/Main (2.4.15):
    - EXManifests
    - expo-dev-launcher/Unsafe
    - expo-dev-menu
    - expo-dev-menu-interface
    - ExpoModulesCore
    - EXUpdatesInterface
    - RCT-Folly (= 2021.07.22.00)
    - React-Core
    - React-RCTAppDelegate
  - expo-dev-launcher/Unsafe (2.4.15):
    - EXManifests
    - expo-dev-menu
    - expo-dev-menu-interface
    - ExpoModulesCore
    - EXUpdatesInterface
    - RCT-Folly (= 2021.07.22.00)
    - React-Core
    - React-RCTAppDelegate
  - expo-dev-menu (3.2.4):
    - expo-dev-menu/Main (= 3.2.4)
    - RCT-Folly (= 2021.07.22.00)
    - React-Core
  - expo-dev-menu-interface (1.3.0)
  - expo-dev-menu/Main (3.2.4):
    - EXManifests
    - expo-dev-menu-interface
    - expo-dev-menu/Vendored
    - ExpoModulesCore
    - RCT-Folly (= 2021.07.22.00)
    - React-Core
  - expo-dev-menu/SafeAreaView (3.2.4):
    - ExpoModulesCore
    - RCT-Folly (= 2021.07.22.00)
    - React-Core
  - expo-dev-menu/Vendored (3.2.4):
    - expo-dev-menu/SafeAreaView
    - RCT-Folly (= 2021.07.22.00)
    - React-Core
  - ExpoImage (1.3.5):
    - ExpoModulesCore
    - SDWebImage (~> 5.15.8)
    - SDWebImageAVIFCoder (~> 0.10.0)
    - SDWebImageSVGCoder (~> 1.7.0)
    - SDWebImageWebPCoder (~> 0.11.0)
  - ExpoKeepAwake (12.3.0):
    - ExpoModulesCore
  - ExpoModulesCore (1.5.10):
    - RCT-Folly (= 2021.07.22.00)
    - React-Core
    - React-NativeModulesApple
    - React-RCTAppDelegate
    - ReactCommon/turbomodule/core
  - EXSplashScreen (0.20.5):
    - ExpoModulesCore
    - RCT-Folly (= 2021.07.22.00)
    - React-Core
  - EXStructuredHeaders (3.3.0)
  - EXUpdates (0.18.19):
    - ASN1Decoder (~> 1.8)
    - EASClient
    - EXManifests
    - ExpoModulesCore
    - EXStructuredHeaders
    - EXUpdatesInterface
    - RCT-Folly (= 2021.07.22.00)
    - ReachabilitySwift
    - React-Core
  - EXUpdatesInterface (0.10.1)
  - FBLazyVector (0.72.10)
  - FBReactNativeSpec (0.72.10):
    - RCT-Folly (= 2021.07.22.00)
    - RCTRequired (= 0.72.10)
    - RCTTypeSafety (= 0.72.10)
    - React-Core (= 0.72.10)
    - React-jsi (= 0.72.10)
    - ReactCommon/turbomodule/core (= 0.72.10)
  - fmt (6.2.1)
  - glog (0.3.5)
  - Google-Maps-iOS-Utils (4.1.0):
    - Google-Maps-iOS-Utils/Clustering (= 4.1.0)
    - Google-Maps-iOS-Utils/Geometry (= 4.1.0)
    - Google-Maps-iOS-Utils/GeometryUtils (= 4.1.0)
    - Google-Maps-iOS-Utils/Heatmap (= 4.1.0)
    - Google-Maps-iOS-Utils/QuadTree (= 4.1.0)
    - GoogleMaps
  - Google-Maps-iOS-Utils/Clustering (4.1.0):
    - Google-Maps-iOS-Utils/QuadTree
    - GoogleMaps
  - Google-Maps-iOS-Utils/Geometry (4.1.0):
    - GoogleMaps
  - Google-Maps-iOS-Utils/GeometryUtils (4.1.0):
    - GoogleMaps
  - Google-Maps-iOS-Utils/Heatmap (4.1.0):
    - Google-Maps-iOS-Utils/QuadTree
    - GoogleMaps
  - Google-Maps-iOS-Utils/QuadTree (4.1.0):
    - GoogleMaps
  - GoogleMaps (7.4.0):
    - GoogleMaps/Maps (= 7.4.0)
  - GoogleMaps/Base (7.4.0)
  - GoogleMaps/Maps (7.4.0):
    - GoogleMaps/Base
  - hermes-engine (0.72.10):
    - hermes-engine/Pre-built (= 0.72.10)
  - hermes-engine/Pre-built (0.72.10)
  - libaom (3.0.0):
    - libvmaf (>= 2.2.0)
  - libavif (0.11.1):
    - libavif/libaom (= 0.11.1)
  - libavif/core (0.11.1)
  - libavif/libaom (0.11.1):
    - libaom (>= 2.0.0)
    - libavif/core
  - libevent (2.1.12)
  - libvmaf (2.3.1)
  - libwebp (1.3.2):
    - libwebp/demux (= 1.3.2)
    - libwebp/mux (= 1.3.2)
    - libwebp/sharpyuv (= 1.3.2)
    - libwebp/webp (= 1.3.2)
  - libwebp/demux (1.3.2):
    - libwebp/webp
  - libwebp/mux (1.3.2):
    - libwebp/demux
  - libwebp/sharpyuv (1.3.2)
  - libwebp/webp (1.3.2):
    - libwebp/sharpyuv
  - MMKV (1.3.2):
    - MMKVCore (~> 1.3.2)
  - MMKVCore (1.3.2)
  - RCT-Folly (2021.07.22.00):
    - boost
    - DoubleConversion
    - fmt (~> 6.2.1)
    - glog
    - RCT-Folly/Default (= 2021.07.22.00)
  - RCT-Folly/Default (2021.07.22.00):
    - boost
    - DoubleConversion
    - fmt (~> 6.2.1)
    - glog
  - RCT-Folly/Futures (2021.07.22.00):
    - boost
    - DoubleConversion
    - fmt (~> 6.2.1)
    - glog
    - libevent
  - RCTRequired (0.72.10)
  - RCTTypeSafety (0.72.10):
    - FBLazyVector (= 0.72.10)
    - RCTRequired (= 0.72.10)
    - React-Core (= 0.72.10)
  - ReachabilitySwift (5.0.0)
  - React (0.72.10):
    - React-Core (= 0.72.10)
    - React-Core/DevSupport (= 0.72.10)
    - React-Core/RCTWebSocket (= 0.72.10)
    - React-RCTActionSheet (= 0.72.10)
    - React-RCTAnimation (= 0.72.10)
    - React-RCTBlob (= 0.72.10)
    - React-RCTImage (= 0.72.10)
    - React-RCTLinking (= 0.72.10)
    - React-RCTNetwork (= 0.72.10)
    - React-RCTSettings (= 0.72.10)
    - React-RCTText (= 0.72.10)
    - React-RCTVibration (= 0.72.10)
  - React-callinvoker (0.72.10)
  - React-Codegen (0.72.10):
    - DoubleConversion
    - FBReactNativeSpec
    - glog
    - hermes-engine
    - RCT-Folly
    - RCTRequired
    - RCTTypeSafety
    - React-Core
    - React-jsi
    - React-jsiexecutor
    - React-NativeModulesApple
    - React-rncore
    - ReactCommon/turbomodule/bridging
    - ReactCommon/turbomodule/core
  - React-Core (0.72.10):
    - glog
    - hermes-engine
    - RCT-Folly (= 2021.07.22.00)
    - React-Core/Default (= 0.72.10)
    - React-cxxreact
    - React-hermes
    - React-jsi
    - React-jsiexecutor
    - React-perflogger
    - React-runtimeexecutor
    - React-utils
    - SocketRocket (= 0.6.1)
    - Yoga
  - React-Core/CoreModulesHeaders (0.72.10):
    - glog
    - hermes-engine
    - RCT-Folly (= 2021.07.22.00)
    - React-Core/Default
    - React-cxxreact
    - React-hermes
    - React-jsi
    - React-jsiexecutor
    - React-perflogger
    - React-runtimeexecutor
    - React-utils
    - SocketRocket (= 0.6.1)
    - Yoga
  - React-Core/Default (0.72.10):
    - glog
    - hermes-engine
    - RCT-Folly (= 2021.07.22.00)
    - React-cxxreact
    - React-hermes
    - React-jsi
    - React-jsiexecutor
    - React-perflogger
    - React-runtimeexecutor
    - React-utils
    - SocketRocket (= 0.6.1)
    - Yoga
  - React-Core/DevSupport (0.72.10):
    - glog
    - hermes-engine
    - RCT-Folly (= 2021.07.22.00)
    - React-Core/Default (= 0.72.10)
    - React-Core/RCTWebSocket (= 0.72.10)
    - React-cxxreact
    - React-hermes
    - React-jsi
    - React-jsiexecutor
    - React-jsinspector (= 0.72.10)
    - React-perflogger
    - React-runtimeexecutor
    - React-utils
    - SocketRocket (= 0.6.1)
    - Yoga
  - React-Core/RCTActionSheetHeaders (0.72.10):
    - glog
    - hermes-engine
    - RCT-Folly (= 2021.07.22.00)
    - React-Core/Default
    - React-cxxreact
    - React-hermes
    - React-jsi
    - React-jsiexecutor
    - React-perflogger
    - React-runtimeexecutor
    - React-utils
    - SocketRocket (= 0.6.1)
    - Yoga
  - React-Core/RCTAnimationHeaders (0.72.10):
    - glog
    - hermes-engine
    - RCT-Folly (= 2021.07.22.00)
    - React-Core/Default
    - React-cxxreact
    - React-hermes
    - React-jsi
    - React-jsiexecutor
    - React-perflogger
    - React-runtimeexecutor
    - React-utils
    - SocketRocket (= 0.6.1)
    - Yoga
  - React-Core/RCTBlobHeaders (0.72.10):
    - glog
    - hermes-engine
    - RCT-Folly (= 2021.07.22.00)
    - React-Core/Default
    - React-cxxreact
    - React-hermes
    - React-jsi
    - React-jsiexecutor
    - React-perflogger
    - React-runtimeexecutor
    - React-utils
    - SocketRocket (= 0.6.1)
    - Yoga
  - React-Core/RCTImageHeaders (0.72.10):
    - glog
    - hermes-engine
    - RCT-Folly (= 2021.07.22.00)
    - React-Core/Default
    - React-cxxreact
    - React-hermes
    - React-jsi
    - React-jsiexecutor
    - React-perflogger
    - React-runtimeexecutor
    - React-utils
    - SocketRocket (= 0.6.1)
    - Yoga
  - React-Core/RCTLinkingHeaders (0.72.10):
    - glog
    - hermes-engine
    - RCT-Folly (= 2021.07.22.00)
    - React-Core/Default
    - React-cxxreact
    - React-hermes
    - React-jsi
    - React-jsiexecutor
    - React-perflogger
    - React-runtimeexecutor
    - React-utils
    - SocketRocket (= 0.6.1)
    - Yoga
  - React-Core/RCTNetworkHeaders (0.72.10):
    - glog
    - hermes-engine
    - RCT-Folly (= 2021.07.22.00)
    - React-Core/Default
    - React-cxxreact
    - React-hermes
    - React-jsi
    - React-jsiexecutor
    - React-perflogger
    - React-runtimeexecutor
    - React-utils
    - SocketRocket (= 0.6.1)
    - Yoga
  - React-Core/RCTSettingsHeaders (0.72.10):
    - glog
    - hermes-engine
    - RCT-Folly (= 2021.07.22.00)
    - React-Core/Default
    - React-cxxreact
    - React-hermes
    - React-jsi
    - React-jsiexecutor
    - React-perflogger
    - React-runtimeexecutor
    - React-utils
    - SocketRocket (= 0.6.1)
    - Yoga
  - React-Core/RCTTextHeaders (0.72.10):
    - glog
    - hermes-engine
    - RCT-Folly (= 2021.07.22.00)
    - React-Core/Default
    - React-cxxreact
    - React-hermes
    - React-jsi
    - React-jsiexecutor
    - React-perflogger
    - React-runtimeexecutor
    - React-utils
    - SocketRocket (= 0.6.1)
    - Yoga
  - React-Core/RCTVibrationHeaders (0.72.10):
    - glog
    - hermes-engine
    - RCT-Folly (= 2021.07.22.00)
    - React-Core/Default
    - React-cxxreact
    - React-hermes
    - React-jsi
    - React-jsiexecutor
    - React-perflogger
    - React-runtimeexecutor
    - React-utils
    - SocketRocket (= 0.6.1)
    - Yoga
  - React-Core/RCTWebSocket (0.72.10):
    - glog
    - hermes-engine
    - RCT-Folly (= 2021.07.22.00)
    - React-Core/Default (= 0.72.10)
    - React-cxxreact
    - React-hermes
    - React-jsi
    - React-jsiexecutor
    - React-perflogger
    - React-runtimeexecutor
    - React-utils
    - SocketRocket (= 0.6.1)
    - Yoga
  - React-CoreModules (0.72.10):
    - RCT-Folly (= 2021.07.22.00)
    - RCTTypeSafety (= 0.72.10)
    - React-Codegen (= 0.72.10)
    - React-Core/CoreModulesHeaders (= 0.72.10)
    - React-jsi (= 0.72.10)
    - React-RCTBlob
    - React-RCTImage (= 0.72.10)
    - ReactCommon/turbomodule/core (= 0.72.10)
    - SocketRocket (= 0.6.1)
  - React-cxxreact (0.72.10):
    - boost (= 1.76.0)
    - DoubleConversion
    - glog
    - hermes-engine
    - RCT-Folly (= 2021.07.22.00)
    - React-callinvoker (= 0.72.10)
    - React-debug (= 0.72.10)
    - React-jsi (= 0.72.10)
    - React-jsinspector (= 0.72.10)
    - React-logger (= 0.72.10)
    - React-perflogger (= 0.72.10)
    - React-runtimeexecutor (= 0.72.10)
  - React-debug (0.72.10)
  - React-hermes (0.72.10):
    - DoubleConversion
    - glog
    - hermes-engine
    - RCT-Folly (= 2021.07.22.00)
    - RCT-Folly/Futures (= 2021.07.22.00)
    - React-cxxreact (= 0.72.10)
    - React-jsi
    - React-jsiexecutor (= 0.72.10)
    - React-jsinspector (= 0.72.10)
    - React-perflogger (= 0.72.10)
  - React-jsi (0.72.10):
    - boost (= 1.76.0)
    - DoubleConversion
    - glog
    - hermes-engine
    - RCT-Folly (= 2021.07.22.00)
  - React-jsiexecutor (0.72.10):
    - DoubleConversion
    - glog
    - hermes-engine
    - RCT-Folly (= 2021.07.22.00)
    - React-cxxreact (= 0.72.10)
    - React-jsi (= 0.72.10)
    - React-perflogger (= 0.72.10)
  - React-jsinspector (0.72.10)
  - React-logger (0.72.10):
    - glog
  - react-native-google-maps (1.7.1):
    - Google-Maps-iOS-Utils (= 4.1.0)
    - GoogleMaps (= 7.4.0)
    - React-Core
  - react-native-maps (1.7.1):
    - React-Core
  - react-native-mmkv (2.10.1):
    - MMKV (>= 1.2.13)
    - React-Core
  - react-native-pinchable (0.2.1):
    - React-Core
  - react-native-render-html (6.3.4):
    - React-Core
  - react-native-safe-area-context (4.6.3):
    - RCT-Folly
    - RCTRequired
    - RCTTypeSafety
    - React-Core
    - ReactCommon/turbomodule/core
  - React-NativeModulesApple (0.72.10):
    - hermes-engine
    - React-callinvoker
    - React-Core
    - React-cxxreact
    - React-jsi
    - React-runtimeexecutor
    - ReactCommon/turbomodule/bridging
    - ReactCommon/turbomodule/core
  - React-perflogger (0.72.10)
  - React-RCTActionSheet (0.72.10):
    - React-Core/RCTActionSheetHeaders (= 0.72.10)
  - React-RCTAnimation (0.72.10):
    - RCT-Folly (= 2021.07.22.00)
    - RCTTypeSafety (= 0.72.10)
    - React-Codegen (= 0.72.10)
    - React-Core/RCTAnimationHeaders (= 0.72.10)
    - React-jsi (= 0.72.10)
    - ReactCommon/turbomodule/core (= 0.72.10)
  - React-RCTAppDelegate (0.72.10):
    - RCT-Folly
    - RCTRequired
    - RCTTypeSafety
    - React-Core
    - React-CoreModules
    - React-hermes
    - React-NativeModulesApple
    - React-RCTImage
    - React-RCTNetwork
    - React-runtimescheduler
    - ReactCommon/turbomodule/core
  - React-RCTBlob (0.72.10):
    - hermes-engine
    - RCT-Folly (= 2021.07.22.00)
    - React-Codegen (= 0.72.10)
    - React-Core/RCTBlobHeaders (= 0.72.10)
    - React-Core/RCTWebSocket (= 0.72.10)
    - React-jsi (= 0.72.10)
    - React-RCTNetwork (= 0.72.10)
    - ReactCommon/turbomodule/core (= 0.72.10)
  - React-RCTImage (0.72.10):
    - RCT-Folly (= 2021.07.22.00)
    - RCTTypeSafety (= 0.72.10)
    - React-Codegen (= 0.72.10)
    - React-Core/RCTImageHeaders (= 0.72.10)
    - React-jsi (= 0.72.10)
    - React-RCTNetwork (= 0.72.10)
    - ReactCommon/turbomodule/core (= 0.72.10)
  - React-RCTLinking (0.72.10):
    - React-Codegen (= 0.72.10)
    - React-Core/RCTLinkingHeaders (= 0.72.10)
    - React-jsi (= 0.72.10)
    - ReactCommon/turbomodule/core (= 0.72.10)
  - React-RCTNetwork (0.72.10):
    - RCT-Folly (= 2021.07.22.00)
    - RCTTypeSafety (= 0.72.10)
    - React-Codegen (= 0.72.10)
    - React-Core/RCTNetworkHeaders (= 0.72.10)
    - React-jsi (= 0.72.10)
    - ReactCommon/turbomodule/core (= 0.72.10)
  - React-RCTSettings (0.72.10):
    - RCT-Folly (= 2021.07.22.00)
    - RCTTypeSafety (= 0.72.10)
    - React-Codegen (= 0.72.10)
    - React-Core/RCTSettingsHeaders (= 0.72.10)
    - React-jsi (= 0.72.10)
    - ReactCommon/turbomodule/core (= 0.72.10)
  - React-RCTText (0.72.10):
    - React-Core/RCTTextHeaders (= 0.72.10)
  - React-RCTVibration (0.72.10):
    - RCT-Folly (= 2021.07.22.00)
    - React-Codegen (= 0.72.10)
    - React-Core/RCTVibrationHeaders (= 0.72.10)
    - React-jsi (= 0.72.10)
    - ReactCommon/turbomodule/core (= 0.72.10)
  - React-rncore (0.72.10)
  - React-runtimeexecutor (0.72.10):
    - React-jsi (= 0.72.10)
  - React-runtimescheduler (0.72.10):
    - glog
    - hermes-engine
    - RCT-Folly (= 2021.07.22.00)
    - React-callinvoker
    - React-debug
    - React-jsi
    - React-runtimeexecutor
  - React-utils (0.72.10):
    - glog
    - RCT-Folly (= 2021.07.22.00)
    - React-debug
  - ReactCommon/turbomodule/bridging (0.72.10):
    - DoubleConversion
    - glog
    - hermes-engine
    - RCT-Folly (= 2021.07.22.00)
    - React-callinvoker (= 0.72.10)
    - React-cxxreact (= 0.72.10)
    - React-jsi (= 0.72.10)
    - React-logger (= 0.72.10)
    - React-perflogger (= 0.72.10)
  - ReactCommon/turbomodule/core (0.72.10):
    - DoubleConversion
    - glog
    - hermes-engine
    - RCT-Folly (= 2021.07.22.00)
    - React-callinvoker (= 0.72.10)
    - React-cxxreact (= 0.72.10)
    - React-jsi (= 0.72.10)
    - React-logger (= 0.72.10)
    - React-perflogger (= 0.72.10)
  - RNGestureHandler (2.12.1):
    - React-Core
  - RNScreens (3.22.1):
    - React-Core
    - React-RCTImage
  - SDWebImage (5.15.8):
    - SDWebImage/Core (= 5.15.8)
  - SDWebImage/Core (5.15.8)
  - SDWebImageAVIFCoder (0.10.1):
    - libavif (>= 0.11.0)
    - SDWebImage (~> 5.10)
  - SDWebImageSVGCoder (1.7.0):
    - SDWebImage/Core (~> 5.6)
  - SDWebImageWebPCoder (0.11.0):
    - libwebp (~> 1.0)
    - SDWebImage/Core (~> 5.15)
  - SocketRocket (0.6.1)
  - Yoga (1.14.0)

DEPENDENCIES:
  - boost (from `../node_modules/react-native/third-party-podspecs/boost.podspec`)
  - DoubleConversion (from `../node_modules/react-native/third-party-podspecs/DoubleConversion.podspec`)
  - EASClient (from `../node_modules/expo-eas-client/ios`)
  - EXApplication (from `../node_modules/expo-application/ios`)
  - EXConstants (from `../node_modules/expo-constants/ios`)
  - EXFileSystem (from `../node_modules/expo-file-system/ios`)
  - EXFont (from `../node_modules/expo-font/ios`)
  - EXJSONUtils (from `../node_modules/expo-json-utils/ios`)
  - EXLocation (from `../node_modules/expo-location/ios`)
  - EXManifests (from `../node_modules/expo-manifests/ios`)
  - EXMediaLibrary (from `../node_modules/expo-media-library/ios`)
  - Expo (from `../node_modules/expo`)
  - expo-dev-client (from `../node_modules/expo-dev-client/ios`)
  - expo-dev-launcher (from `../node_modules/expo-dev-launcher`)
  - expo-dev-menu (from `../node_modules/expo-dev-menu`)
  - expo-dev-menu-interface (from `../node_modules/expo-dev-menu-interface/ios`)
  - ExpoImage (from `../node_modules/expo-image/ios`)
  - ExpoKeepAwake (from `../node_modules/expo-keep-awake/ios`)
  - ExpoModulesCore (from `../node_modules/expo-modules-core`)
  - EXSplashScreen (from `../node_modules/expo-splash-screen/ios`)
  - EXStructuredHeaders (from `../node_modules/expo-structured-headers/ios`)
  - EXUpdates (from `../node_modules/expo-updates/ios`)
  - EXUpdatesInterface (from `../node_modules/expo-updates-interface/ios`)
  - FBLazyVector (from `../node_modules/react-native/Libraries/FBLazyVector`)
  - FBReactNativeSpec (from `../node_modules/react-native/React/FBReactNativeSpec`)
  - glog (from `../node_modules/react-native/third-party-podspecs/glog.podspec`)
  - hermes-engine (from `../node_modules/react-native/sdks/hermes-engine/hermes-engine.podspec`)
  - libevent (~> 2.1.12)
  - RCT-Folly (from `../node_modules/react-native/third-party-podspecs/RCT-Folly.podspec`)
  - RCTRequired (from `../node_modules/react-native/Libraries/RCTRequired`)
  - RCTTypeSafety (from `../node_modules/react-native/Libraries/TypeSafety`)
  - React (from `../node_modules/react-native/`)
  - React-callinvoker (from `../node_modules/react-native/ReactCommon/callinvoker`)
  - React-Codegen (from `build/generated/ios`)
  - React-Core (from `../node_modules/react-native/`)
  - React-Core/RCTWebSocket (from `../node_modules/react-native/`)
  - React-CoreModules (from `../node_modules/react-native/React/CoreModules`)
  - React-cxxreact (from `../node_modules/react-native/ReactCommon/cxxreact`)
  - React-debug (from `../node_modules/react-native/ReactCommon/react/debug`)
  - React-hermes (from `../node_modules/react-native/ReactCommon/hermes`)
  - React-jsi (from `../node_modules/react-native/ReactCommon/jsi`)
  - React-jsiexecutor (from `../node_modules/react-native/ReactCommon/jsiexecutor`)
  - React-jsinspector (from `../node_modules/react-native/ReactCommon/jsinspector`)
  - React-logger (from `../node_modules/react-native/ReactCommon/logger`)
  - react-native-google-maps (from `../node_modules/react-native-maps`)
  - react-native-maps (from `../node_modules/react-native-maps`)
  - react-native-mmkv (from `../node_modules/react-native-mmkv`)
  - react-native-pinchable (from `../node_modules/react-native-pinchable`)
  - react-native-render-html (from `../node_modules/react-native-render-html`)
  - react-native-safe-area-context (from `../node_modules/react-native-safe-area-context`)
  - React-NativeModulesApple (from `../node_modules/react-native/ReactCommon/react/nativemodule/core/platform/ios`)
  - React-perflogger (from `../node_modules/react-native/ReactCommon/reactperflogger`)
  - React-RCTActionSheet (from `../node_modules/react-native/Libraries/ActionSheetIOS`)
  - React-RCTAnimation (from `../node_modules/react-native/Libraries/NativeAnimation`)
  - React-RCTAppDelegate (from `../node_modules/react-native/Libraries/AppDelegate`)
  - React-RCTBlob (from `../node_modules/react-native/Libraries/Blob`)
  - React-RCTImage (from `../node_modules/react-native/Libraries/Image`)
  - React-RCTLinking (from `../node_modules/react-native/Libraries/LinkingIOS`)
  - React-RCTNetwork (from `../node_modules/react-native/Libraries/Network`)
  - React-RCTSettings (from `../node_modules/react-native/Libraries/Settings`)
  - React-RCTText (from `../node_modules/react-native/Libraries/Text`)
  - React-RCTVibration (from `../node_modules/react-native/Libraries/Vibration`)
  - React-rncore (from `../node_modules/react-native/ReactCommon`)
  - React-runtimeexecutor (from `../node_modules/react-native/ReactCommon/runtimeexecutor`)
  - React-runtimescheduler (from `../node_modules/react-native/ReactCommon/react/renderer/runtimescheduler`)
  - React-utils (from `../node_modules/react-native/ReactCommon/react/utils`)
  - ReactCommon/turbomodule/core (from `../node_modules/react-native/ReactCommon`)
  - RNGestureHandler (from `../node_modules/react-native-gesture-handler`)
  - RNScreens (from `../node_modules/react-native-screens`)
  - Yoga (from `../node_modules/react-native/ReactCommon/yoga`)

SPEC REPOS:
  trunk:
    - ASN1Decoder
    - fmt
    - Google-Maps-iOS-Utils
    - GoogleMaps
    - libaom
    - libavif
    - libevent
    - libvmaf
    - libwebp
    - MMKV
    - MMKVCore
    - ReachabilitySwift
    - SDWebImage
    - SDWebImageAVIFCoder
    - SDWebImageSVGCoder
    - SDWebImageWebPCoder
    - SocketRocket

EXTERNAL SOURCES:
  boost:
    :podspec: "../node_modules/react-native/third-party-podspecs/boost.podspec"
  DoubleConversion:
    :podspec: "../node_modules/react-native/third-party-podspecs/DoubleConversion.podspec"
  EASClient:
    :path: "../node_modules/expo-eas-client/ios"
  EXApplication:
    :path: "../node_modules/expo-application/ios"
  EXConstants:
    :path: "../node_modules/expo-constants/ios"
  EXFileSystem:
    :path: "../node_modules/expo-file-system/ios"
  EXFont:
    :path: "../node_modules/expo-font/ios"
  EXJSONUtils:
    :path: "../node_modules/expo-json-utils/ios"
  EXLocation:
    :path: "../node_modules/expo-location/ios"
  EXManifests:
    :path: "../node_modules/expo-manifests/ios"
  EXMediaLibrary:
    :path: "../node_modules/expo-media-library/ios"
  Expo:
    :path: "../node_modules/expo"
  expo-dev-client:
    :path: "../node_modules/expo-dev-client/ios"
  expo-dev-launcher:
    :path: "../node_modules/expo-dev-launcher"
  expo-dev-menu:
    :path: "../node_modules/expo-dev-menu"
  expo-dev-menu-interface:
    :path: "../node_modules/expo-dev-menu-interface/ios"
  ExpoImage:
    :path: "../node_modules/expo-image/ios"
  ExpoKeepAwake:
    :path: "../node_modules/expo-keep-awake/ios"
  ExpoModulesCore:
    :path: "../node_modules/expo-modules-core"
  EXSplashScreen:
    :path: "../node_modules/expo-splash-screen/ios"
  EXStructuredHeaders:
    :path: "../node_modules/expo-structured-headers/ios"
  EXUpdates:
    :path: "../node_modules/expo-updates/ios"
  EXUpdatesInterface:
    :path: "../node_modules/expo-updates-interface/ios"
  FBLazyVector:
    :path: "../node_modules/react-native/Libraries/FBLazyVector"
  FBReactNativeSpec:
    :path: "../node_modules/react-native/React/FBReactNativeSpec"
  glog:
    :podspec: "../node_modules/react-native/third-party-podspecs/glog.podspec"
  hermes-engine:
    :podspec: "../node_modules/react-native/sdks/hermes-engine/hermes-engine.podspec"
  RCT-Folly:
    :podspec: "../node_modules/react-native/third-party-podspecs/RCT-Folly.podspec"
  RCTRequired:
    :path: "../node_modules/react-native/Libraries/RCTRequired"
  RCTTypeSafety:
    :path: "../node_modules/react-native/Libraries/TypeSafety"
  React:
    :path: "../node_modules/react-native/"
  React-callinvoker:
    :path: "../node_modules/react-native/ReactCommon/callinvoker"
  React-Codegen:
    :path: build/generated/ios
  React-Core:
    :path: "../node_modules/react-native/"
  React-CoreModules:
    :path: "../node_modules/react-native/React/CoreModules"
  React-cxxreact:
    :path: "../node_modules/react-native/ReactCommon/cxxreact"
  React-debug:
    :path: "../node_modules/react-native/ReactCommon/react/debug"
  React-hermes:
    :path: "../node_modules/react-native/ReactCommon/hermes"
  React-jsi:
    :path: "../node_modules/react-native/ReactCommon/jsi"
  React-jsiexecutor:
    :path: "../node_modules/react-native/ReactCommon/jsiexecutor"
  React-jsinspector:
    :path: "../node_modules/react-native/ReactCommon/jsinspector"
  React-logger:
    :path: "../node_modules/react-native/ReactCommon/logger"
  react-native-google-maps:
    :path: "../node_modules/react-native-maps"
  react-native-maps:
    :path: "../node_modules/react-native-maps"
  react-native-mmkv:
    :path: "../node_modules/react-native-mmkv"
  react-native-pinchable:
    :path: "../node_modules/react-native-pinchable"
  react-native-render-html:
    :path: "../node_modules/react-native-render-html"
  react-native-safe-area-context:
    :path: "../node_modules/react-native-safe-area-context"
  React-NativeModulesApple:
    :path: "../node_modules/react-native/ReactCommon/react/nativemodule/core/platform/ios"
  React-perflogger:
    :path: "../node_modules/react-native/ReactCommon/reactperflogger"
  React-RCTActionSheet:
    :path: "../node_modules/react-native/Libraries/ActionSheetIOS"
  React-RCTAnimation:
    :path: "../node_modules/react-native/Libraries/NativeAnimation"
  React-RCTAppDelegate:
    :path: "../node_modules/react-native/Libraries/AppDelegate"
  React-RCTBlob:
    :path: "../node_modules/react-native/Libraries/Blob"
  React-RCTImage:
    :path: "../node_modules/react-native/Libraries/Image"
  React-RCTLinking:
    :path: "../node_modules/react-native/Libraries/LinkingIOS"
  React-RCTNetwork:
    :path: "../node_modules/react-native/Libraries/Network"
  React-RCTSettings:
    :path: "../node_modules/react-native/Libraries/Settings"
  React-RCTText:
    :path: "../node_modules/react-native/Libraries/Text"
  React-RCTVibration:
    :path: "../node_modules/react-native/Libraries/Vibration"
  React-rncore:
    :path: "../node_modules/react-native/ReactCommon"
  React-runtimeexecutor:
    :path: "../node_modules/react-native/ReactCommon/runtimeexecutor"
  React-runtimescheduler:
    :path: "../node_modules/react-native/ReactCommon/react/renderer/runtimescheduler"
  React-utils:
    :path: "../node_modules/react-native/ReactCommon/react/utils"
  ReactCommon:
    :path: "../node_modules/react-native/ReactCommon"
  RNGestureHandler:
    :path: "../node_modules/react-native-gesture-handler"
  RNScreens:
    :path: "../node_modules/react-native-screens"
  Yoga:
    :path: "../node_modules/react-native/ReactCommon/yoga"

SPEC CHECKSUMS:
  ASN1Decoder: 4f4bbcaf1d1b8be56daa3280e82863a607f5bda9
  boost: 64032b9e9b938fda23325e68a3771f0fabf414dc
  DoubleConversion: 5189b271737e1565bdce30deb4a08d647e3f5f54
  EASClient: 49f8ea858204eb4844d9fb386e5fb7920aee2e30
  EXApplication: 02655a251434d564bb0e73291f5a490c74b5b76f
  EXConstants: ce5bbea779da8031ac818c36bea41b10e14d04e1
  EXFileSystem: f8b838a880254de42a5a7da20ed5ce12e2697c1b
  EXFont: 738c44c390953ebcbab075a4848bfbef025fd9ee
  EXJSONUtils: 6802be4282d42b97c51682468ddc1026a06f8276
  EXLocation: a425ace19c0445e7ea9702982fc6b9a402791510
  EXManifests: cf66451b11b2c2f6464917528d792759f7fd6ce0
  EXMediaLibrary: 8ac14ce76f266026b10cac2ab049debe032d7ae7
  Expo: 900dc423a0e2c7e822b2c683a89426e82695fb27
  expo-dev-client: f350e6ddced33d2c14008c6d70c7904c0cd78b1f
  expo-dev-launcher: 3c29a60a0e17e62d02cddcb6c106a25f63f1c75c
  expo-dev-menu: c5f789b6228f4176f83a1f47dba54350e63437e1
  expo-dev-menu-interface: bda969497e73dadc2663c479e0fa726ca79a306e
  ExpoImage: 723efcb8d9377ae8645a6f7a1579305f5b80a76f
  ExpoKeepAwake: be4cbd52d9b177cde0fd66daa1913afa3161fc1d
  ExpoModulesCore: e5a168deba84f74c0e558befa31dbaea06c00af0
  EXSplashScreen: c0e7f2d4a640f3b875808ed0b88575538daf6d82
  EXStructuredHeaders: 324cc3130571d2696357fafd8be7fd9a0b5fdf6e
  EXUpdates: 59d641d0873236c76ef987917c32de8c210333ea
  EXUpdatesInterface: 82ed48d417cdcd376c12ca1c2ce390d35500bed6
  FBLazyVector: f91d538f197fa71a7d5b77ec2069d49550c0eb96
  FBReactNativeSpec: b13d1c23d6ed82d6b66aad7a253edf8ba76c4a4c
  fmt: ff9d55029c625d3757ed641535fd4a75fedc7ce9
  glog: 04b94705f318337d7ead9e6d17c019bd9b1f6b1b
  Google-Maps-iOS-Utils: 3343332b18dfd5be8f1f44edd7d481ace3da4d9a
  GoogleMaps: 032f676450ba0779bd8ce16840690915f84e57ac
  hermes-engine: 90e4033deb00bee33330a9f15eff0f874bd82f6d
  libaom: 144606b1da4b5915a1054383c3a4459ccdb3c661
  libavif: 84bbb62fb232c3018d6f1bab79beea87e35de7b7
  libevent: 4049cae6c81cdb3654a443be001fb9bdceff7913
  libvmaf: 27f523f1e63c694d14d534cd0fddd2fab0ae8711
  libwebp: 1786c9f4ff8a279e4dac1e8f385004d5fc253009
  MMKV: f21593c0af4b3f2a0ceb8f820f28bb639ea22bb7
  MMKVCore: 31b4cb83f8266467eef20a35b6d78e409a11060d
  RCT-Folly: 424b8c9a7a0b9ab2886ffe9c3b041ef628fd4fb1
  RCTRequired: b4d3068afa6f52ec5260a8417053b1f1b421483d
  RCTTypeSafety: a4551b3d338c96435f63bf06d564055c1d3cc0ac
  ReachabilitySwift: 985039c6f7b23a1da463388634119492ff86c825
  React: 66caa2a8192a35d7ba466a5fdf5dc06ee4a5f6dd
  React-callinvoker: e5b55e46894c2dd1bcdc19d4f82b0f7f631d1237
  React-Codegen: 0cf41e00026c5eba61f6bdcabd6e4bf659754f33
  React-Core: 2ce84187a00913f287b96753c56c7819ed7d90d5
  React-CoreModules: 893e7c5eed1ef8fe9e1ee1d913581c946e55b305
  React-cxxreact: 075d98dc664c0e9607cc0c45d41dc052bcc7313b
  React-debug: abc6213dcb9eafcf5242cbb194fef4c70c91871f
  React-hermes: 133cfa220ef836406f693ed7db56a509032ce433
  React-jsi: 9b45fd040d575f8ae6771bf1960641a58eb0bdd4
  React-jsiexecutor: 45ef2ec6dcde31b90469175ec76ddac77b91dfc3
  React-jsinspector: de0198127395fec3058140a20c045167f761bb16
  React-logger: dc3a2b174d79c2da635059212747d8d929b54e06
  react-native-google-maps: dd12cdd86b8e3fedbbb671676aedaa2f656e2ccd
  react-native-maps: 667f9b975549c6fa9b1631bf859440f68ebd3b8f
  react-native-mmkv: dea675cf9697ad35940f1687e98e133e1358ef9f
  react-native-pinchable: b4381b0807d15c12b14bfacd927128f52d96f0f1
  react-native-render-html: 984dfe2294163d04bf5fe25d7c9f122e60e05ebe
  react-native-safe-area-context: 36cc67648134e89465663b8172336a19eeda493d
  React-NativeModulesApple: c3e696ff867e4bc212266cbdf7e862e48a0166fd
  React-perflogger: 43287389ea08993c300897a46f95cfac04bb6c1a
  React-RCTActionSheet: 923afe77f9bb89da7c1f98e2730bfc9dde0eed6d
  React-RCTAnimation: afd4d94c5e1f731e32ac99800850be06564ac642
  React-RCTAppDelegate: fb2e1447d014557f29e214fe2eb777442f808a3b
  React-RCTBlob: 167e2c6c3643f093058c51e76ecc653fc8236033
  React-RCTImage: 867de82a17630a08a3fa64b0cd6677dd19bf6eaf
  React-RCTLinking: 885dde8bc5d397c3e72c76315f1f9b5030b3a70e
  React-RCTNetwork: efec71102220b96ac8605d0253debd859ca0c817
  React-RCTSettings: 077065d0a4e925b017fe8538afa574d8fb52391f
  React-RCTText: 7adddb518ac362b2398fedf0c64105e0dab29441
  React-RCTVibration: de6b7218e415d82788e0965f278dddb2ef88b372
  React-rncore: f0d8c23481a6c263a343fa7fd3816d943754b720
  React-runtimeexecutor: 2b2c09edbca4c9a667428e8c93959f66b3b53140
  React-runtimescheduler: 6ca43e8deadf01ff06b3f01abf8f0e4d508e23c3
  React-utils: 372b83030a74347331636909278bf0a60ec30d59
  ReactCommon: 38824bfffaf4c51fbe03a2730b4fd874ef34d67b
  RNGestureHandler: c0d04458598fcb26052494ae23dda8f8f5162b13
  RNScreens: 50ffe2fa2342eabb2d0afbe19f7c1af286bc7fb3
  SDWebImage: cb032eba469c54e0000e78bcb0a13cdde0a52798
  SDWebImageAVIFCoder: 8348fef6d0ec69e129c66c9fe4d74fbfbf366112
  SDWebImageSVGCoder: 15a300a97ec1c8ac958f009c02220ac0402e936c
  SDWebImageWebPCoder: 295a6573c512f54ad2dd58098e64e17dcf008499
  SocketRocket: f32cd54efbe0f095c4d7594881e52619cfe80b17
  Yoga: d0003f849d2b5224c072cef6568b540d8bb15cd3

PODFILE CHECKSUM: 26805f3dd18d62031879edd7dade5d4dc249eba0

COCOAPODS: 1.14.3
